// !$*UTF8*$!
{
	archiveVersion = 1;
	classes = {
	};
	objectVersion = 46;
	objects = {

/* Begin PBXBuildFile section */
		176972959F96ACC2C5C066BD /* Pods_Authentication.framework in Frameworks */ = {isa = PBXBuildFile; fileRef = 2D27A3881E1C9C7E6DCE214C /* Pods_Authentication.framework */; };
		4895FA001D80621600D42D49 /* AppDelegate.swift in Sources */ = {isa = PBXBuildFile; fileRef = 4895F9FF1D80621600D42D49 /* AppDelegate.swift */; };
		4895FA051D80621600D42D49 /* Main.storyboard in Resources */ = {isa = PBXBuildFile; fileRef = 4895FA031D80621600D42D49 /* Main.storyboard */; };
		4895FA071D80621600D42D49 /* Assets.xcassets in Resources */ = {isa = PBXBuildFile; fileRef = 4895FA061D80621600D42D49 /* Assets.xcassets */; };
		4895FA121D80626D00D42D49 /* BaconViewController.swift in Sources */ = {isa = PBXBuildFile; fileRef = 4895FA111D80626D00D42D49 /* BaconViewController.swift */; };
		4895FA141D8062BB00D42D49 /* BeersViewController.swift in Sources */ = {isa = PBXBuildFile; fileRef = 4895FA131D8062BB00D42D49 /* BeersViewController.swift */; };
		4895FA161D8062C000D42D49 /* Network.swift in Sources */ = {isa = PBXBuildFile; fileRef = 4895FA151D8062C000D42D49 /* Network.swift */; };
/* End PBXBuildFile section */

/* Begin PBXFileReference section */
		1BE596D2733ED629E287A03D /* Pods-Authentication.debug.xcconfig */ = {isa = PBXFileReference; includeInIndex = 1; lastKnownFileType = text.xcconfig; name = "Pods-Authentication.debug.xcconfig"; path = "Pods/Target Support Files/Pods-Authentication/Pods-Authentication.debug.xcconfig"; sourceTree = "<group>"; };
		2D27A3881E1C9C7E6DCE214C /* Pods_Authentication.framework */ = {isa = PBXFileReference; explicitFileType = wrapper.framework; includeInIndex = 0; path = Pods_Authentication.framework; sourceTree = BUILT_PRODUCTS_DIR; };
		4895F9FC1D80621600D42D49 /* Authentication.app */ = {isa = PBXFileReference; explicitFileType = wrapper.application; includeInIndex = 0; path = Authentication.app; sourceTree = BUILT_PRODUCTS_DIR; };
		4895F9FF1D80621600D42D49 /* AppDelegate.swift */ = {isa = PBXFileReference; lastKnownFileType = sourcecode.swift; path = AppDelegate.swift; sourceTree = "<group>"; };
		4895FA041D80621600D42D49 /* Base */ = {isa = PBXFileReference; lastKnownFileType = file.storyboard; name = Base; path = Base.lproj/Main.storyboard; sourceTree = "<group>"; };
		4895FA061D80621600D42D49 /* Assets.xcassets */ = {isa = PBXFileReference; lastKnownFileType = folder.assetcatalog; path = Assets.xcassets; sourceTree = "<group>"; };
		4895FA0B1D80621600D42D49 /* Info.plist */ = {isa = PBXFileReference; lastKnownFileType = text.plist.xml; path = Info.plist; sourceTree = "<group>"; };
		4895FA111D80626D00D42D49 /* BaconViewController.swift */ = {isa = PBXFileReference; fileEncoding = 4; lastKnownFileType = sourcecode.swift; path = BaconViewController.swift; sourceTree = "<group>"; };
		4895FA131D8062BB00D42D49 /* BeersViewController.swift */ = {isa = PBXFileReference; fileEncoding = 4; lastKnownFileType = sourcecode.swift; path = BeersViewController.swift; sourceTree = "<group>"; };
		4895FA151D8062C000D42D49 /* Network.swift */ = {isa = PBXFileReference; fileEncoding = 4; lastKnownFileType = sourcecode.swift; path = Network.swift; sourceTree = "<group>"; };
		C5E8D05404DFBF71B49E7C0B /* Pods-Authentication.release.xcconfig */ = {isa = PBXFileReference; includeInIndex = 1; lastKnownFileType = text.xcconfig; name = "Pods-Authentication.release.xcconfig"; path = "Pods/Target Support Files/Pods-Authentication/Pods-Authentication.release.xcconfig"; sourceTree = "<group>"; };
/* End PBXFileReference section */

/* Begin PBXFrameworksBuildPhase section */
		4895F9F91D80621600D42D49 /* Frameworks */ = {
			isa = PBXFrameworksBuildPhase;
			buildActionMask = 2147483647;
			files = (
				176972959F96ACC2C5C066BD /* Pods_Authentication.framework in Frameworks */,
			);
			runOnlyForDeploymentPostprocessing = 0;
		};
/* End PBXFrameworksBuildPhase section */

/* Begin PBXGroup section */
		4895F9F31D80621600D42D49 = {
			isa = PBXGroup;
			children = (
				4895F9FE1D80621600D42D49 /* Authentication */,
				4895F9FD1D80621600D42D49 /* Products */,
				FEA130B0B351255FC2ECFE55 /* Pods */,
				7DE8B46053B270B7FC0E9B76 /* Frameworks */,
			);
			sourceTree = "<group>";
		};
		4895F9FD1D80621600D42D49 /* Products */ = {
			isa = PBXGroup;
			children = (
				4895F9FC1D80621600D42D49 /* Authentication.app */,
			);
			name = Products;
			sourceTree = "<group>";
		};
		4895F9FE1D80621600D42D49 /* Authentication */ = {
			isa = PBXGroup;
			children = (
				4895F9FF1D80621600D42D49 /* AppDelegate.swift */,
				4895FA111D80626D00D42D49 /* BaconViewController.swift */,
				4895FA131D8062BB00D42D49 /* BeersViewController.swift */,
				4895FA151D8062C000D42D49 /* Network.swift */,
				4895FA031D80621600D42D49 /* Main.storyboard */,
				4895FA061D80621600D42D49 /* Assets.xcassets */,
				4895FA0B1D80621600D42D49 /* Info.plist */,
			);
			path = Authentication;
			sourceTree = "<group>";
		};
		7DE8B46053B270B7FC0E9B76 /* Frameworks */ = {
			isa = PBXGroup;
			children = (
				2D27A3881E1C9C7E6DCE214C /* Pods_Authentication.framework */,
			);
			name = Frameworks;
			sourceTree = "<group>";
		};
		FEA130B0B351255FC2ECFE55 /* Pods */ = {
			isa = PBXGroup;
			children = (
				1BE596D2733ED629E287A03D /* Pods-Authentication.debug.xcconfig */,
				C5E8D05404DFBF71B49E7C0B /* Pods-Authentication.release.xcconfig */,
			);
			name = Pods;
			sourceTree = "<group>";
		};
/* End PBXGroup section */

/* Begin PBXNativeTarget section */
		4895F9FB1D80621600D42D49 /* Authentication */ = {
			isa = PBXNativeTarget;
			buildConfigurationList = 4895FA0E1D80621600D42D49 /* Build configuration list for PBXNativeTarget "Authentication" */;
			buildPhases = (
				CF0E9554B7E1CF68DAAA4FEE /* [CP] Check Pods Manifest.lock */,
				4895F9F81D80621600D42D49 /* Sources */,
				4895F9F91D80621600D42D49 /* Frameworks */,
				4895F9FA1D80621600D42D49 /* Resources */,
				BAAAFAEBA0697A0627DA4B43 /* [CP] Embed Pods Frameworks */,
				C92CE3DB8455DCF00F3E8CA8 /* [CP] Copy Pods Resources */,
			);
			buildRules = (
			);
			dependencies = (
			);
			name = Authentication;
			productName = Authentication;
			productReference = 4895F9FC1D80621600D42D49 /* Authentication.app */;
			productType = "com.apple.product-type.application";
		};
/* End PBXNativeTarget section */

/* Begin PBXProject section */
		4895F9F41D80621600D42D49 /* Project object */ = {
			isa = PBXProject;
			attributes = {
				LastSwiftUpdateCheck = 0730;
				LastUpgradeCheck = 0810;
				ORGANIZATIONNAME = AeroGear;
				TargetAttributes = {
					4895F9FB1D80621600D42D49 = {
						CreatedOnToolsVersion = 7.3.1;
						LastSwiftMigration = 0810;
					};
				};
			};
			buildConfigurationList = 4895F9F71D80621600D42D49 /* Build configuration list for PBXProject "Authentication" */;
			compatibilityVersion = "Xcode 3.2";
			developmentRegion = English;
			hasScannedForEncodings = 0;
			knownRegions = (
				en,
				Base,
			);
			mainGroup = 4895F9F31D80621600D42D49;
			productRefGroup = 4895F9FD1D80621600D42D49 /* Products */;
			projectDirPath = "";
			projectRoot = "";
			targets = (
				4895F9FB1D80621600D42D49 /* Authentication */,
			);
		};
/* End PBXProject section */

/* Begin PBXResourcesBuildPhase section */
		4895F9FA1D80621600D42D49 /* Resources */ = {
			isa = PBXResourcesBuildPhase;
			buildActionMask = 2147483647;
			files = (
				4895FA071D80621600D42D49 /* Assets.xcassets in Resources */,
				4895FA051D80621600D42D49 /* Main.storyboard in Resources */,
			);
			runOnlyForDeploymentPostprocessing = 0;
		};
/* End PBXResourcesBuildPhase section */

/* Begin PBXShellScriptBuildPhase section */
		BAAAFAEBA0697A0627DA4B43 /* [CP] Embed Pods Frameworks */ = {
			isa = PBXShellScriptBuildPhase;
			buildActionMask = 2147483647;
			files = (
			);
			inputPaths = (
			);
			name = "[CP] Embed Pods Frameworks";
			outputPaths = (
			);
			runOnlyForDeploymentPostprocessing = 0;
			shellPath = /bin/sh;
			shellScript = "\"${SRCROOT}/Pods/Target Support Files/Pods-Authentication/Pods-Authentication-frameworks.sh\"\n";
			showEnvVarsInLog = 0;
		};
		C92CE3DB8455DCF00F3E8CA8 /* [CP] Copy Pods Resources */ = {
			isa = PBXShellScriptBuildPhase;
			buildActionMask = 2147483647;
			files = (
			);
			inputPaths = (
			);
			name = "[CP] Copy Pods Resources";
			outputPaths = (
			);
			runOnlyForDeploymentPostprocessing = 0;
			shellPath = /bin/sh;
			shellScript = "\"${SRCROOT}/Pods/Target Support Files/Pods-Authentication/Pods-Authentication-resources.sh\"\n";
			showEnvVarsInLog = 0;
		};
		CF0E9554B7E1CF68DAAA4FEE /* [CP] Check Pods Manifest.lock */ = {
			isa = PBXShellScriptBuildPhase;
			buildActionMask = 2147483647;
			files = (
			);
			inputPaths = (
			);
			name = "[CP] Check Pods Manifest.lock";
			outputPaths = (
			);
			runOnlyForDeploymentPostprocessing = 0;
			shellPath = /bin/sh;
			shellScript = "diff \"${PODS_ROOT}/../Podfile.lock\" \"${PODS_ROOT}/Manifest.lock\" > /dev/null\nif [ $? != 0 ] ; then\n    # print error to STDERR\n    echo \"error: The sandbox is not in sync with the Podfile.lock. Run 'pod install' or update your CocoaPods installation.\" >&2\n    exit 1\nfi\n";
			showEnvVarsInLog = 0;
		};
/* End PBXShellScriptBuildPhase section */

/* Begin PBXSourcesBuildPhase section */
		4895F9F81D80621600D42D49 /* Sources */ = {
			isa = PBXSourcesBuildPhase;
			buildActionMask = 2147483647;
			files = (
				4895FA001D80621600D42D49 /* AppDelegate.swift in Sources */,
				4895FA121D80626D00D42D49 /* BaconViewController.swift in Sources */,
				4895FA161D8062C000D42D49 /* Network.swift in Sources */,
				4895FA141D8062BB00D42D49 /* BeersViewController.swift in Sources */,
			);
			runOnlyForDeploymentPostprocessing = 0;
		};
/* End PBXSourcesBuildPhase section */

/* Begin PBXVariantGroup section */
		4895FA031D80621600D42D49 /* Main.storyboard */ = {
			isa = PBXVariantGroup;
			children = (
				4895FA041D80621600D42D49 /* Base */,
			);
			name = Main.storyboard;
			sourceTree = "<group>";
		};
/* End PBXVariantGroup section */

/* Begin XCBuildConfiguration section */
		4895FA0C1D80621600D42D49 /* Debug */ = {
			isa = XCBuildConfiguration;
			buildSettings = {
				ALWAYS_SEARCH_USER_PATHS = NO;
				CLANG_ANALYZER_NONNULL = YES;
				CLANG_CXX_LANGUAGE_STANDARD = "gnu++0x";
				CLANG_CXX_LIBRARY = "libc++";
				CLANG_ENABLE_MODULES = YES;
				CLANG_ENABLE_OBJC_ARC = YES;
				CLANG_WARN_BOOL_CONVERSION = YES;
				CLANG_WARN_CONSTANT_CONVERSION = YES;
				CLANG_WARN_DIRECT_OBJC_ISA_USAGE = YES_ERROR;
				CLANG_WARN_EMPTY_BODY = YES;
				CLANG_WARN_ENUM_CONVERSION = YES;
				CLANG_WARN_INFINITE_RECURSION = YES;
				CLANG_WARN_INT_CONVERSION = YES;
				CLANG_WARN_OBJC_ROOT_CLASS = YES_ERROR;
				CLANG_WARN_SUSPICIOUS_MOVE = YES;
				CLANG_WARN_UNREACHABLE_CODE = YES;
				CLANG_WARN__DUPLICATE_METHOD_MATCH = YES;
				"CODE_SIGN_IDENTITY[sdk=iphoneos*]" = "iPhone Developer";
				COPY_PHASE_STRIP = NO;
				DEBUG_INFORMATION_FORMAT = dwarf;
				ENABLE_STRICT_OBJC_MSGSEND = YES;
				ENABLE_TESTABILITY = YES;
				GCC_C_LANGUAGE_STANDARD = gnu99;
				GCC_DYNAMIC_NO_PIC = NO;
				GCC_NO_COMMON_BLOCKS = YES;
				GCC_OPTIMIZATION_LEVEL = 0;
				GCC_PREPROCESSOR_DEFINITIONS = (
					"DEBUG=1",
					"$(inherited)",
				);
				GCC_WARN_64_TO_32_BIT_CONVERSION = YES;
				GCC_WARN_ABOUT_RETURN_TYPE = YES_ERROR;
				GCC_WARN_UNDECLARED_SELECTOR = YES;
				GCC_WARN_UNINITIALIZED_AUTOS = YES_AGGRESSIVE;
				GCC_WARN_UNUSED_FUNCTION = YES;
				GCC_WARN_UNUSED_VARIABLE = YES;
				IPHONEOS_DEPLOYMENT_TARGET = 8.0;
				MTL_ENABLE_DEBUG_INFO = YES;
				ONLY_ACTIVE_ARCH = YES;
				SDKROOT = iphoneos;
				SWIFT_OPTIMIZATION_LEVEL = "-Onone";
				SWIFT_VERSION = 3.0.1;
				TARGETED_DEVICE_FAMILY = "1,2";
			};
			name = Debug;
		};
		4895FA0D1D80621600D42D49 /* Release */ = {
			isa = XCBuildConfiguration;
			buildSettings = {
				ALWAYS_SEARCH_USER_PATHS = NO;
				CLANG_ANALYZER_NONNULL = YES;
				CLANG_CXX_LANGUAGE_STANDARD = "gnu++0x";
				CLANG_CXX_LIBRARY = "libc++";
				CLANG_ENABLE_MODULES = YES;
				CLANG_ENABLE_OBJC_ARC = YES;
				CLANG_WARN_BOOL_CONVERSION = YES;
				CLANG_WARN_CONSTANT_CONVERSION = YES;
				CLANG_WARN_DIRECT_OBJC_ISA_USAGE = YES_ERROR;
				CLANG_WARN_EMPTY_BODY = YES;
				CLANG_WARN_ENUM_CONVERSION = YES;
				CLANG_WARN_INFINITE_RECURSION = YES;
				CLANG_WARN_INT_CONVERSION = YES;
				CLANG_WARN_OBJC_ROOT_CLASS = YES_ERROR;
				CLANG_WARN_SUSPICIOUS_MOVE = YES;
				CLANG_WARN_UNREACHABLE_CODE = YES;
				CLANG_WARN__DUPLICATE_METHOD_MATCH = YES;
				"CODE_SIGN_IDENTITY[sdk=iphoneos*]" = "iPhone Developer";
				COPY_PHASE_STRIP = NO;
				DEBUG_INFORMATION_FORMAT = "dwarf-with-dsym";
				ENABLE_NS_ASSERTIONS = NO;
				ENABLE_STRICT_OBJC_MSGSEND = YES;
				GCC_C_LANGUAGE_STANDARD = gnu99;
				GCC_NO_COMMON_BLOCKS = YES;
				GCC_WARN_64_TO_32_BIT_CONVERSION = YES;
				GCC_WARN_ABOUT_RETURN_TYPE = YES_ERROR;
				GCC_WARN_UNDECLARED_SELECTOR = YES;
				GCC_WARN_UNINITIALIZED_AUTOS = YES_AGGRESSIVE;
				GCC_WARN_UNUSED_FUNCTION = YES;
				GCC_WARN_UNUSED_VARIABLE = YES;
				IPHONEOS_DEPLOYMENT_TARGET = 8.0;
				MTL_ENABLE_DEBUG_INFO = NO;
				SDKROOT = iphoneos;
				SWIFT_OPTIMIZATION_LEVEL = "-Owholemodule";
				SWIFT_VERSION = 3.0.1;
				TARGETED_DEVICE_FAMILY = "1,2";
				VALIDATE_PRODUCT = YES;
			};
			name = Release;
		};
		4895FA0F1D80621600D42D49 /* Debug */ = {
			isa = XCBuildConfiguration;
			baseConfigurationReference = 1BE596D2733ED629E287A03D /* Pods-Authentication.debug.xcconfig */;
			buildSettings = {
				ALWAYS_EMBED_SWIFT_STANDARD_LIBRARIES = "$(inherited)";
				ASSETCATALOG_COMPILER_APPICON_NAME = AppIcon;
				INFOPLIST_FILE = Authentication/Info.plist;
				LD_RUNPATH_SEARCH_PATHS = "$(inherited) @executable_path/Frameworks";
				PRODUCT_BUNDLE_IDENTIFIER = org.aerogear.Authentication;
				PRODUCT_NAME = "$(TARGET_NAME)";
				SWIFT_VERSION = 3.0.1;
			};
			name = Debug;
		};
		4895FA101D80621600D42D49 /* Release */ = {
			isa = XCBuildConfiguration;
			baseConfigurationReference = C5E8D05404DFBF71B49E7C0B /* Pods-Authentication.release.xcconfig */;
			buildSettings = {
				ALWAYS_EMBED_SWIFT_STANDARD_LIBRARIES = "$(inherited)";
				ASSETCATALOG_COMPILER_APPICON_NAME = AppIcon;
				INFOPLIST_FILE = Authentication/Info.plist;
				LD_RUNPATH_SEARCH_PATHS = "$(inherited) @executable_path/Frameworks";
				PRODUCT_BUNDLE_IDENTIFIER = org.aerogear.Authentication;
				PRODUCT_NAME = "$(TARGET_NAME)";
				SWIFT_VERSION = 3.0.1;
			};
			name = Release;
		};
/* End XCBuildConfiguration section */

/* Begin XCConfigurationList section */
		4895F9F71D80621600D42D49 /* Build configuration list for PBXProject "Authentication" */ = {
			isa = XCConfigurationList;
			buildConfigurations = (
				4895FA0C1D80621600D42D49 /* Debug */,
				4895FA0D1D80621600D42D49 /* Release */,
			);
			defaultConfigurationIsVisible = 0;
			defaultConfigurationName = Release;
		};
		4895FA0E1D80621600D42D49 /* Build configuration list for PBXNativeTarget "Authentication" */ = {
			isa = XCConfigurationList;
			buildConfigurations = (
				4895FA0F1D80621600D42D49 /* Debug */,
				4895FA101D80621600D42D49 /* Release */,
			);
			defaultConfigurationIsVisible = 0;
			defaultConfigurationName = Release;
		};
/* End XCConfigurationList section */
	};
	rootObject = 4895F9F41D80621600D42D49 /* Project object */;
}
