// !$*UTF8*$!
{
	archiveVersion = 1;
	classes = {
	};
	objectVersion = 46;
	objects = {

/* Begin PBXBuildFile section */
		48389345194A35BF00C1C184 /* AppDelegate.swift in Sources */ = {isa = PBXBuildFile; fileRef = 48389344194A35BF00C1C184 /* AppDelegate.swift */; };
		48389347194A35BF00C1C184 /* ViewController.swift in Sources */ = {isa = PBXBuildFile; fileRef = 48389346194A35BF00C1C184 /* ViewController.swift */; };
		4838934A194A35BF00C1C184 /* Main.storyboard in Resources */ = {isa = PBXBuildFile; fileRef = 48389348194A35BF00C1C184 /* Main.storyboard */; };
		4838934C194A35BF00C1C184 /* Images.xcassets in Resources */ = {isa = PBXBuildFile; fileRef = 4838934B194A35BF00C1C184 /* Images.xcassets */; };
		48389358194A35BF00C1C184 /* HelloWorldSwiftTests.swift in Sources */ = {isa = PBXBuildFile; fileRef = 48389357194A35BF00C1C184 /* HelloWorldSwiftTests.swift */; };
		488C643D1B6A710F0045E535 /* pushconfig.plist in Resources */ = {isa = PBXBuildFile; fileRef = 488C643C1B6A710F0045E535 /* pushconfig.plist */; };
		96E4C3C35AAFCCA052588D6F /* Pods_HelloWorldSwift.framework in Frameworks */ = {isa = PBXBuildFile; fileRef = C55ED13BEDDC9612E3C4040E /* Pods_HelloWorldSwift.framework */; };
/* End PBXBuildFile section */

/* Begin PBXContainerItemProxy section */
		48389352194A35BF00C1C184 /* PBXContainerItemProxy */ = {
			isa = PBXContainerItemProxy;
			containerPortal = 48389337194A35BF00C1C184 /* Project object */;
			proxyType = 1;
			remoteGlobalIDString = 4838933E194A35BF00C1C184;
			remoteInfo = HelloWorldSwift;
		};
/* End PBXContainerItemProxy section */

/* Begin PBXCopyFilesBuildPhase section */
		6FB58B2119A4EE2200024C5F /* Embed Frameworks */ = {
			isa = PBXCopyFilesBuildPhase;
			buildActionMask = 2147483647;
			dstPath = "";
			dstSubfolderSpec = 10;
			files = (
			);
			name = "Embed Frameworks";
			runOnlyForDeploymentPostprocessing = 0;
		};
/* End PBXCopyFilesBuildPhase section */

/* Begin PBXFileReference section */
		190187FD562835FB7039F3EB /* Pods-HelloWorldSwift.release.xcconfig */ = {isa = PBXFileReference; includeInIndex = 1; lastKnownFileType = text.xcconfig; name = "Pods-HelloWorldSwift.release.xcconfig"; path = "Pods/Target Support Files/Pods-HelloWorldSwift/Pods-HelloWorldSwift.release.xcconfig"; sourceTree = "<group>"; };
		4838933F194A35BF00C1C184 /* HelloWorldSwift.app */ = {isa = PBXFileReference; explicitFileType = wrapper.application; includeInIndex = 0; path = HelloWorldSwift.app; sourceTree = BUILT_PRODUCTS_DIR; };
		48389343194A35BF00C1C184 /* Info.plist */ = {isa = PBXFileReference; lastKnownFileType = text.plist.xml; path = Info.plist; sourceTree = "<group>"; };
		48389344194A35BF00C1C184 /* AppDelegate.swift */ = {isa = PBXFileReference; lastKnownFileType = sourcecode.swift; path = AppDelegate.swift; sourceTree = "<group>"; };
		48389346194A35BF00C1C184 /* ViewController.swift */ = {isa = PBXFileReference; lastKnownFileType = sourcecode.swift; path = ViewController.swift; sourceTree = "<group>"; };
		48389349194A35BF00C1C184 /* Base */ = {isa = PBXFileReference; lastKnownFileType = file.storyboard; name = Base; path = Base.lproj/Main.storyboard; sourceTree = "<group>"; };
		4838934B194A35BF00C1C184 /* Images.xcassets */ = {isa = PBXFileReference; lastKnownFileType = folder.assetcatalog; path = Images.xcassets; sourceTree = "<group>"; };
		48389351194A35BF00C1C184 /* HelloWorldSwiftTests.xctest */ = {isa = PBXFileReference; explicitFileType = wrapper.cfbundle; includeInIndex = 0; path = HelloWorldSwiftTests.xctest; sourceTree = BUILT_PRODUCTS_DIR; };
		48389356194A35BF00C1C184 /* Info.plist */ = {isa = PBXFileReference; lastKnownFileType = text.plist.xml; path = Info.plist; sourceTree = "<group>"; };
		48389357194A35BF00C1C184 /* HelloWorldSwiftTests.swift */ = {isa = PBXFileReference; lastKnownFileType = sourcecode.swift; path = HelloWorldSwiftTests.swift; sourceTree = "<group>"; };
		488C643C1B6A710F0045E535 /* pushconfig.plist */ = {isa = PBXFileReference; fileEncoding = 4; lastKnownFileType = text.plist.xml; path = pushconfig.plist; sourceTree = "<group>"; };
		5D9B98A11C1DF17BC3BDE083 /* Pods-HelloWorldSwift.debug.xcconfig */ = {isa = PBXFileReference; includeInIndex = 1; lastKnownFileType = text.xcconfig; name = "Pods-HelloWorldSwift.debug.xcconfig"; path = "Pods/Target Support Files/Pods-HelloWorldSwift/Pods-HelloWorldSwift.debug.xcconfig"; sourceTree = "<group>"; };
		C55ED13BEDDC9612E3C4040E /* Pods_HelloWorldSwift.framework */ = {isa = PBXFileReference; explicitFileType = wrapper.framework; includeInIndex = 0; path = Pods_HelloWorldSwift.framework; sourceTree = BUILT_PRODUCTS_DIR; };
/* End PBXFileReference section */

/* Begin PBXFrameworksBuildPhase section */
		4838933C194A35BF00C1C184 /* Frameworks */ = {
			isa = PBXFrameworksBuildPhase;
			buildActionMask = 2147483647;
			files = (
				96E4C3C35AAFCCA052588D6F /* Pods_HelloWorldSwift.framework in Frameworks */,
			);
			runOnlyForDeploymentPostprocessing = 0;
		};
		4838934E194A35BF00C1C184 /* Frameworks */ = {
			isa = PBXFrameworksBuildPhase;
			buildActionMask = 2147483647;
			files = (
			);
			runOnlyForDeploymentPostprocessing = 0;
		};
/* End PBXFrameworksBuildPhase section */

/* Begin PBXGroup section */
		1A547B4CFB4D5EE77C211308 /* Pods */ = {
			isa = PBXGroup;
			children = (
				5D9B98A11C1DF17BC3BDE083 /* Pods-HelloWorldSwift.debug.xcconfig */,
				190187FD562835FB7039F3EB /* Pods-HelloWorldSwift.release.xcconfig */,
			);
			name = Pods;
			sourceTree = "<group>";
		};
		48389336194A35BF00C1C184 = {
			isa = PBXGroup;
			children = (
				48389341194A35BF00C1C184 /* HelloWorldSwift */,
				48389354194A35BF00C1C184 /* HelloWorldSwiftTests */,
				48389340194A35BF00C1C184 /* Products */,
				1A547B4CFB4D5EE77C211308 /* Pods */,
				9E3A3210B28D42FAC5D37CE1 /* Frameworks */,
			);
			sourceTree = "<group>";
		};
		48389340194A35BF00C1C184 /* Products */ = {
			isa = PBXGroup;
			children = (
				4838933F194A35BF00C1C184 /* HelloWorldSwift.app */,
				48389351194A35BF00C1C184 /* HelloWorldSwiftTests.xctest */,
			);
			name = Products;
			sourceTree = "<group>";
		};
		48389341194A35BF00C1C184 /* HelloWorldSwift */ = {
			isa = PBXGroup;
			children = (
				48389344194A35BF00C1C184 /* AppDelegate.swift */,
				48389346194A35BF00C1C184 /* ViewController.swift */,
				48389348194A35BF00C1C184 /* Main.storyboard */,
				4838934B194A35BF00C1C184 /* Images.xcassets */,
				48389342194A35BF00C1C184 /* Supporting Files */,
			);
			path = HelloWorldSwift;
			sourceTree = "<group>";
		};
		48389342194A35BF00C1C184 /* Supporting Files */ = {
			isa = PBXGroup;
			children = (
				48389343194A35BF00C1C184 /* Info.plist */,
				488C643C1B6A710F0045E535 /* pushconfig.plist */,
			);
			name = "Supporting Files";
			sourceTree = "<group>";
		};
		48389354194A35BF00C1C184 /* HelloWorldSwiftTests */ = {
			isa = PBXGroup;
			children = (
				48389357194A35BF00C1C184 /* HelloWorldSwiftTests.swift */,
				48389355194A35BF00C1C184 /* Supporting Files */,
			);
			path = HelloWorldSwiftTests;
			sourceTree = "<group>";
		};
		48389355194A35BF00C1C184 /* Supporting Files */ = {
			isa = PBXGroup;
			children = (
				48389356194A35BF00C1C184 /* Info.plist */,
			);
			name = "Supporting Files";
			sourceTree = "<group>";
		};
		9E3A3210B28D42FAC5D37CE1 /* Frameworks */ = {
			isa = PBXGroup;
			children = (
				C55ED13BEDDC9612E3C4040E /* Pods_HelloWorldSwift.framework */,
			);
			name = Frameworks;
			sourceTree = "<group>";
		};
/* End PBXGroup section */

/* Begin PBXNativeTarget section */
		4838933E194A35BF00C1C184 /* HelloWorldSwift */ = {
			isa = PBXNativeTarget;
			buildConfigurationList = 4838935B194A35BF00C1C184 /* Build configuration list for PBXNativeTarget "HelloWorldSwift" */;
			buildPhases = (
				7184A6633705233514C81DA9 /* [CP] Check Pods Manifest.lock */,
				4838933B194A35BF00C1C184 /* Sources */,
				4838933C194A35BF00C1C184 /* Frameworks */,
				4838933D194A35BF00C1C184 /* Resources */,
				6FB58B2119A4EE2200024C5F /* Embed Frameworks */,
				C67352F047411A2B189E00F0 /* [CP] Embed Pods Frameworks */,
				886D5480DF91E15669113414 /* [CP] Copy Pods Resources */,
			);
			buildRules = (
			);
			dependencies = (
			);
			name = HelloWorldSwift;
			productName = HelloWorldSwift;
			productReference = 4838933F194A35BF00C1C184 /* HelloWorldSwift.app */;
			productType = "com.apple.product-type.application";
		};
		48389350194A35BF00C1C184 /* HelloWorldSwiftTests */ = {
			isa = PBXNativeTarget;
			buildConfigurationList = 4838935E194A35BF00C1C184 /* Build configuration list for PBXNativeTarget "HelloWorldSwiftTests" */;
			buildPhases = (
				4838934D194A35BF00C1C184 /* Sources */,
				4838934E194A35BF00C1C184 /* Frameworks */,
				4838934F194A35BF00C1C184 /* Resources */,
			);
			buildRules = (
			);
			dependencies = (
				48389353194A35BF00C1C184 /* PBXTargetDependency */,
			);
			name = HelloWorldSwiftTests;
			productName = HelloWorldSwiftTests;
			productReference = 48389351194A35BF00C1C184 /* HelloWorldSwiftTests.xctest */;
			productType = "com.apple.product-type.bundle.unit-test";
		};
/* End PBXNativeTarget section */

/* Begin PBXProject section */
		48389337194A35BF00C1C184 /* Project object */ = {
			isa = PBXProject;
			attributes = {
				LastSwiftUpdateCheck = 0700;
				LastUpgradeCheck = 0800;
				ORGANIZATIONNAME = aerogear;
				TargetAttributes = {
					4838933E194A35BF00C1C184 = {
						CreatedOnToolsVersion = 6.0;
						LastSwiftMigration = 0800;
						SystemCapabilities = {
							com.apple.BackgroundModes = {
								enabled = 1;
							};
						};
					};
					48389350194A35BF00C1C184 = {
						CreatedOnToolsVersion = 6.0;
						LastSwiftMigration = 0800;
						TestTargetID = 4838933E194A35BF00C1C184;
					};
				};
			};
			buildConfigurationList = 4838933A194A35BF00C1C184 /* Build configuration list for PBXProject "HelloWorldSwift" */;
			compatibilityVersion = "Xcode 3.2";
			developmentRegion = English;
			hasScannedForEncodings = 0;
			knownRegions = (
				en,
				Base,
			);
			mainGroup = 48389336194A35BF00C1C184;
			productRefGroup = 48389340194A35BF00C1C184 /* Products */;
			projectDirPath = "";
			projectRoot = "";
			targets = (
				4838933E194A35BF00C1C184 /* HelloWorldSwift */,
				48389350194A35BF00C1C184 /* HelloWorldSwiftTests */,
			);
		};
/* End PBXProject section */

/* Begin PBXResourcesBuildPhase section */
		4838933D194A35BF00C1C184 /* Resources */ = {
			isa = PBXResourcesBuildPhase;
			buildActionMask = 2147483647;
			files = (
				4838934A194A35BF00C1C184 /* Main.storyboard in Resources */,
				488C643D1B6A710F0045E535 /* pushconfig.plist in Resources */,
				4838934C194A35BF00C1C184 /* Images.xcassets in Resources */,
			);
			runOnlyForDeploymentPostprocessing = 0;
		};
		4838934F194A35BF00C1C184 /* Resources */ = {
			isa = PBXResourcesBuildPhase;
			buildActionMask = 2147483647;
			files = (
			);
			runOnlyForDeploymentPostprocessing = 0;
		};
/* End PBXResourcesBuildPhase section */

/* Begin PBXShellScriptBuildPhase section */
		7184A6633705233514C81DA9 /* [CP] Check Pods Manifest.lock */ = {
			isa = PBXShellScriptBuildPhase;
			buildActionMask = 2147483647;
			files = (
			);
			inputPaths = (
			);
			name = "[CP] Check Pods Manifest.lock";
			outputPaths = (
			);
			runOnlyForDeploymentPostprocessing = 0;
			shellPath = /bin/sh;
			shellScript = "diff \"${PODS_ROOT}/../Podfile.lock\" \"${PODS_ROOT}/Manifest.lock\" > /dev/null\nif [[ $? != 0 ]] ; then\n    cat << EOM\nerror: The sandbox is not in sync with the Podfile.lock. Run 'pod install' or update your CocoaPods installation.\nEOM\n    exit 1\nfi\n";
			showEnvVarsInLog = 0;
		};
		886D5480DF91E15669113414 /* [CP] Copy Pods Resources */ = {
			isa = PBXShellScriptBuildPhase;
			buildActionMask = 2147483647;
			files = (
			);
			inputPaths = (
			);
			name = "[CP] Copy Pods Resources";
			outputPaths = (
			);
			runOnlyForDeploymentPostprocessing = 0;
			shellPath = /bin/sh;
			shellScript = "\"${SRCROOT}/Pods/Target Support Files/Pods-HelloWorldSwift/Pods-HelloWorldSwift-resources.sh\"\n";
			showEnvVarsInLog = 0;
		};
		C67352F047411A2B189E00F0 /* [CP] Embed Pods Frameworks */ = {
			isa = PBXShellScriptBuildPhase;
			buildActionMask = 2147483647;
			files = (
			);
			inputPaths = (
			);
			name = "[CP] Embed Pods Frameworks";
			outputPaths = (
			);
			runOnlyForDeploymentPostprocessing = 0;
			shellPath = /bin/sh;
			shellScript = "\"${SRCROOT}/Pods/Target Support Files/Pods-HelloWorldSwift/Pods-HelloWorldSwift-frameworks.sh\"\n";
			showEnvVarsInLog = 0;
		};
/* End PBXShellScriptBuildPhase section */

/* Begin PBXSourcesBuildPhase section */
		4838933B194A35BF00C1C184 /* Sources */ = {
			isa = PBXSourcesBuildPhase;
			buildActionMask = 2147483647;
			files = (
				48389347194A35BF00C1C184 /* ViewController.swift in Sources */,
				48389345194A35BF00C1C184 /* AppDelegate.swift in Sources */,
			);
			runOnlyForDeploymentPostprocessing = 0;
		};
		4838934D194A35BF00C1C184 /* Sources */ = {
			isa = PBXSourcesBuildPhase;
			buildActionMask = 2147483647;
			files = (
				48389358194A35BF00C1C184 /* HelloWorldSwiftTests.swift in Sources */,
			);
			runOnlyForDeploymentPostprocessing = 0;
		};
/* End PBXSourcesBuildPhase section */

/* Begin PBXTargetDependency section */
		48389353194A35BF00C1C184 /* PBXTargetDependency */ = {
			isa = PBXTargetDependency;
			target = 4838933E194A35BF00C1C184 /* HelloWorldSwift */;
			targetProxy = 48389352194A35BF00C1C184 /* PBXContainerItemProxy */;
		};
/* End PBXTargetDependency section */

/* Begin PBXVariantGroup section */
		48389348194A35BF00C1C184 /* Main.storyboard */ = {
			isa = PBXVariantGroup;
			children = (
				48389349194A35BF00C1C184 /* Base */,
			);
			name = Main.storyboard;
			sourceTree = "<group>";
		};
/* End PBXVariantGroup section */

/* Begin XCBuildConfiguration section */
		48389359194A35BF00C1C184 /* Debug */ = {
			isa = XCBuildConfiguration;
			buildSettings = {
				ALWAYS_SEARCH_USER_PATHS = NO;
				CLANG_CXX_LANGUAGE_STANDARD = "gnu++0x";
				CLANG_CXX_LIBRARY = "libc++";
				CLANG_ENABLE_MODULES = YES;
				CLANG_ENABLE_OBJC_ARC = YES;
				CLANG_WARN_BOOL_CONVERSION = YES;
				CLANG_WARN_CONSTANT_CONVERSION = YES;
				CLANG_WARN_DIRECT_OBJC_ISA_USAGE = YES_ERROR;
				CLANG_WARN_EMPTY_BODY = YES;
				CLANG_WARN_ENUM_CONVERSION = YES;
				CLANG_WARN_INFINITE_RECURSION = YES;
				CLANG_WARN_INT_CONVERSION = YES;
				CLANG_WARN_OBJC_ROOT_CLASS = YES_ERROR;
				CLANG_WARN_SUSPICIOUS_MOVE = YES;
				CLANG_WARN_UNREACHABLE_CODE = YES;
				CLANG_WARN__DUPLICATE_METHOD_MATCH = YES;
				"CODE_SIGN_IDENTITY[sdk=iphoneos*]" = "iPhone Developer";
				COPY_PHASE_STRIP = NO;
				ENABLE_STRICT_OBJC_MSGSEND = YES;
				ENABLE_TESTABILITY = YES;
				GCC_C_LANGUAGE_STANDARD = gnu99;
				GCC_DYNAMIC_NO_PIC = NO;
				GCC_NO_COMMON_BLOCKS = YES;
				GCC_OPTIMIZATION_LEVEL = 0;
				GCC_PREPROCESSOR_DEFINITIONS = (
					"DEBUG=1",
					"$(inherited)",
				);
				GCC_SYMBOLS_PRIVATE_EXTERN = NO;
				GCC_WARN_64_TO_32_BIT_CONVERSION = YES;
				GCC_WARN_ABOUT_RETURN_TYPE = YES_ERROR;
				GCC_WARN_UNDECLARED_SELECTOR = YES;
				GCC_WARN_UNINITIALIZED_AUTOS = YES_AGGRESSIVE;
				GCC_WARN_UNUSED_FUNCTION = YES;
				GCC_WARN_UNUSED_VARIABLE = YES;
				IPHONEOS_DEPLOYMENT_TARGET = 8.0;
				METAL_ENABLE_DEBUG_INFO = YES;
				ONLY_ACTIVE_ARCH = YES;
				SDKROOT = iphoneos;
				SWIFT_OPTIMIZATION_LEVEL = "-Onone";
			};
			name = Debug;
		};
		4838935A194A35BF00C1C184 /* Release */ = {
			isa = XCBuildConfiguration;
			buildSettings = {
				ALWAYS_SEARCH_USER_PATHS = NO;
				CLANG_CXX_LANGUAGE_STANDARD = "gnu++0x";
				CLANG_CXX_LIBRARY = "libc++";
				CLANG_ENABLE_MODULES = YES;
				CLANG_ENABLE_OBJC_ARC = YES;
				CLANG_WARN_BOOL_CONVERSION = YES;
				CLANG_WARN_CONSTANT_CONVERSION = YES;
				CLANG_WARN_DIRECT_OBJC_ISA_USAGE = YES_ERROR;
				CLANG_WARN_EMPTY_BODY = YES;
				CLANG_WARN_ENUM_CONVERSION = YES;
				CLANG_WARN_INFINITE_RECURSION = YES;
				CLANG_WARN_INT_CONVERSION = YES;
				CLANG_WARN_OBJC_ROOT_CLASS = YES_ERROR;
				CLANG_WARN_SUSPICIOUS_MOVE = YES;
				CLANG_WARN_UNREACHABLE_CODE = YES;
				CLANG_WARN__DUPLICATE_METHOD_MATCH = YES;
				"CODE_SIGN_IDENTITY[sdk=iphoneos*]" = "iPhone Developer";
				COPY_PHASE_STRIP = YES;
				ENABLE_NS_ASSERTIONS = NO;
				ENABLE_STRICT_OBJC_MSGSEND = YES;
				GCC_C_LANGUAGE_STANDARD = gnu99;
				GCC_NO_COMMON_BLOCKS = YES;
				GCC_WARN_64_TO_32_BIT_CONVERSION = YES;
				GCC_WARN_ABOUT_RETURN_TYPE = YES_ERROR;
				GCC_WARN_UNDECLARED_SELECTOR = YES;
				GCC_WARN_UNINITIALIZED_AUTOS = YES_AGGRESSIVE;
				GCC_WARN_UNUSED_FUNCTION = YES;
				GCC_WARN_UNUSED_VARIABLE = YES;
				IPHONEOS_DEPLOYMENT_TARGET = 8.0;
				METAL_ENABLE_DEBUG_INFO = NO;
				SDKROOT = iphoneos;
				SWIFT_OPTIMIZATION_LEVEL = "-Owholemodule";
				VALIDATE_PRODUCT = YES;
			};
			name = Release;
		};
		4838935C194A35BF00C1C184 /* Debug */ = {
			isa = XCBuildConfiguration;
			baseConfigurationReference = 5D9B98A11C1DF17BC3BDE083 /* Pods-HelloWorldSwift.debug.xcconfig */;
			buildSettings = {
				ALWAYS_EMBED_SWIFT_STANDARD_LIBRARIES = YES;
				ASSETCATALOG_COMPILER_APPICON_NAME = AppIcon;
				ASSETCATALOG_COMPILER_LAUNCHIMAGE_NAME = LaunchImage;
				CLANG_ENABLE_MODULES = YES;
				CODE_SIGN_IDENTITY = "iPhone Developer";
				FRAMEWORK_SEARCH_PATHS = (
					"$(inherited)",
					"$(PROJECT_DIR)",
				);
				"HEADER_SEARCH_PATHS[arch=*]" = $SOURCE_ROOT/include;
				INFOPLIST_FILE = HelloWorldSwift/Info.plist;
				LD_RUNPATH_SEARCH_PATHS = "$(inherited) @executable_path/Frameworks";
				"OTHER_LDFLAGS[arch=*]" = "-ObjC";
				PRODUCT_BUNDLE_IDENTIFIER = org.aerogear.helloworldpush;
				PRODUCT_NAME = "$(TARGET_NAME)";
				PROVISIONING_PROFILE = "8514c1f7-6b29-4a42-b6f3-1dbc29d57e63";
				SWIFT_INSTALL_OBJC_HEADER = YES;
				SWIFT_OPTIMIZATION_LEVEL = "-Onone";
				SWIFT_VERSION = 2.3;
				TARGETED_DEVICE_FAMILY = 1;
			};
			name = Debug;
		};
		4838935D194A35BF00C1C184 /* Release */ = {
			isa = XCBuildConfiguration;
			baseConfigurationReference = 190187FD562835FB7039F3EB /* Pods-HelloWorldSwift.release.xcconfig */;
			buildSettings = {
				ALWAYS_EMBED_SWIFT_STANDARD_LIBRARIES = YES;
				ASSETCATALOG_COMPILER_APPICON_NAME = AppIcon;
				ASSETCATALOG_COMPILER_LAUNCHIMAGE_NAME = LaunchImage;
				CLANG_ENABLE_MODULES = YES;
				CODE_SIGN_IDENTITY = "iPhone Developer";
				FRAMEWORK_SEARCH_PATHS = (
					"$(inherited)",
					"$(PROJECT_DIR)",
				);
				"HEADER_SEARCH_PATHS[arch=*]" = $SOURCE_ROOT/include;
				INFOPLIST_FILE = HelloWorldSwift/Info.plist;
				LD_RUNPATH_SEARCH_PATHS = "$(inherited) @executable_path/Frameworks";
				"OTHER_LDFLAGS[arch=*]" = "-ObjC";
				PRODUCT_BUNDLE_IDENTIFIER = org.aerogear.helloworldpush;
				PRODUCT_NAME = "$(TARGET_NAME)";
				PROVISIONING_PROFILE = "8514c1f7-6b29-4a42-b6f3-1dbc29d57e63";
				SWIFT_INSTALL_OBJC_HEADER = YES;
				SWIFT_VERSION = 2.3;
				TARGETED_DEVICE_FAMILY = 1;
			};
			name = Release;
		};
		4838935F194A35BF00C1C184 /* Debug */ = {
			isa = XCBuildConfiguration;
			buildSettings = {
				BUNDLE_LOADER = "$(BUILT_PRODUCTS_DIR)/HelloWorldSwift.app/HelloWorldSwift";
				FRAMEWORK_SEARCH_PATHS = "$(inherited)";
				GCC_PREPROCESSOR_DEFINITIONS = (
					"DEBUG=1",
					"$(inherited)",
				);
				INFOPLIST_FILE = HelloWorldSwiftTests/Info.plist;
				LD_RUNPATH_SEARCH_PATHS = "$(inherited) @executable_path/Frameworks @loader_path/Frameworks";
				METAL_ENABLE_DEBUG_INFO = YES;
				PRODUCT_BUNDLE_IDENTIFIER = "org.aerogear.${PRODUCT_NAME:rfc1034identifier}";
				PRODUCT_NAME = "$(TARGET_NAME)";
				SWIFT_VERSION = 2.3;
				TEST_HOST = "$(BUNDLE_LOADER)";
			};
			name = Debug;
		};
		48389360194A35BF00C1C184 /* Release */ = {
			isa = XCBuildConfiguration;
			buildSettings = {
				BUNDLE_LOADER = "$(BUILT_PRODUCTS_DIR)/HelloWorldSwift.app/HelloWorldSwift";
				FRAMEWORK_SEARCH_PATHS = "$(inherited)";
				INFOPLIST_FILE = HelloWorldSwiftTests/Info.plist;
				LD_RUNPATH_SEARCH_PATHS = "$(inherited) @executable_path/Frameworks @loader_path/Frameworks";
				METAL_ENABLE_DEBUG_INFO = NO;
				PRODUCT_BUNDLE_IDENTIFIER = "org.aerogear.${PRODUCT_NAME:rfc1034identifier}";
				PRODUCT_NAME = "$(TARGET_NAME)";
				SWIFT_VERSION = 2.3;
				TEST_HOST = "$(BUNDLE_LOADER)";
			};
			name = Release;
		};
/* End XCBuildConfiguration section */

/* Begin XCConfigurationList section */
		4838933A194A35BF00C1C184 /* Build configuration list for PBXProject "HelloWorldSwift" */ = {
			isa = XCConfigurationList;
			buildConfigurations = (
				48389359194A35BF00C1C184 /* Debug */,
				4838935A194A35BF00C1C184 /* Release */,
			);
			defaultConfigurationIsVisible = 0;
			defaultConfigurationName = Release;
		};
		4838935B194A35BF00C1C184 /* Build configuration list for PBXNativeTarget "HelloWorldSwift" */ = {
			isa = XCConfigurationList;
			buildConfigurations = (
				4838935C194A35BF00C1C184 /* Debug */,
				4838935D194A35BF00C1C184 /* Release */,
			);
			defaultConfigurationIsVisible = 0;
			defaultConfigurationName = Release;
		};
		4838935E194A35BF00C1C184 /* Build configuration list for PBXNativeTarget "HelloWorldSwiftTests" */ = {
			isa = XCConfigurationList;
			buildConfigurations = (
				4838935F194A35BF00C1C184 /* Debug */,
				48389360194A35BF00C1C184 /* Release */,
			);
			defaultConfigurationIsVisible = 0;
			defaultConfigurationName = Release;
		};
/* End XCConfigurationList section */
	};
	rootObject = 48389337194A35BF00C1C184 /* Project object */;
}
