// !$*UTF8*$!
{
	archiveVersion = 1;
	classes = {
	};
	objectVersion = 46;
	objects = {

/* Begin PBXBuildFile section */
		4C5192730A06EDCED7F870E2 /* Pods_AeroGearSyncDemo_AeroGearSyncDemoTests.framework in Frameworks */ = {isa = PBXBuildFile; fileRef = 1ED0E8D8E336AD7A55513EAD /* Pods_AeroGearSyncDemo_AeroGearSyncDemoTests.framework */; };
		C07620B899BDFA7ADFAAF4F8 /* Pods_AeroGearSyncDemo.framework in Frameworks */ = {isa = PBXBuildFile; fileRef = ECD8D08ABA2A63EF0B9B9FE8 /* Pods_AeroGearSyncDemo.framework */; };
		C537FCB01A022A7F00CA79A0 /* Info.swift in Sources */ = {isa = PBXBuildFile; fileRef = C537FCAF1A022A7F00CA79A0 /* Info.swift */; };
		C565E36A1A00EC5500EB2B1D /* AppDelegate.swift in Sources */ = {isa = PBXBuildFile; fileRef = C565E3691A00EC5500EB2B1D /* AppDelegate.swift */; };
		C565E36C1A00EC5500EB2B1D /* ViewController.swift in Sources */ = {isa = PBXBuildFile; fileRef = C565E36B1A00EC5500EB2B1D /* ViewController.swift */; };
		C565E36F1A00EC5500EB2B1D /* Main.storyboard in Resources */ = {isa = PBXBuildFile; fileRef = C565E36D1A00EC5500EB2B1D /* Main.storyboard */; };
		C565E3711A00EC5500EB2B1D /* Images.xcassets in Resources */ = {isa = PBXBuildFile; fileRef = C565E3701A00EC5500EB2B1D /* Images.xcassets */; };
		C565E3741A00EC5600EB2B1D /* LaunchScreen.xib in Resources */ = {isa = PBXBuildFile; fileRef = C565E3721A00EC5500EB2B1D /* LaunchScreen.xib */; };
		C565E3801A00EC5600EB2B1D /* AeroGearSyncDemoTests.swift in Sources */ = {isa = PBXBuildFile; fileRef = C565E37F1A00EC5600EB2B1D /* AeroGearSyncDemoTests.swift */; };
/* End PBXBuildFile section */

/* Begin PBXContainerItemProxy section */
		C565E37A1A00EC5600EB2B1D /* PBXContainerItemProxy */ = {
			isa = PBXContainerItemProxy;
			containerPortal = C565E35C1A00EC5500EB2B1D /* Project object */;
			proxyType = 1;
			remoteGlobalIDString = C565E3631A00EC5500EB2B1D;
			remoteInfo = AeroGearSyncDemo;
		};
/* End PBXContainerItemProxy section */

/* Begin PBXFileReference section */
		1ED0E8D8E336AD7A55513EAD /* Pods_AeroGearSyncDemo_AeroGearSyncDemoTests.framework */ = {isa = PBXFileReference; explicitFileType = wrapper.framework; includeInIndex = 0; path = Pods_AeroGearSyncDemo_AeroGearSyncDemoTests.framework; sourceTree = BUILT_PRODUCTS_DIR; };
		25975B403BE28D5016ED2DFD /* Pods-AeroGearSyncDemo.release.xcconfig */ = {isa = PBXFileReference; includeInIndex = 1; lastKnownFileType = text.xcconfig; name = "Pods-AeroGearSyncDemo.release.xcconfig"; path = "Pods/Target Support Files/Pods-AeroGearSyncDemo/Pods-AeroGearSyncDemo.release.xcconfig"; sourceTree = "<group>"; };
		AAF53BDA57F92EFB5413BAB4 /* Pods-AeroGearSyncDemo-AeroGearSyncDemoTests.debug.xcconfig */ = {isa = PBXFileReference; includeInIndex = 1; lastKnownFileType = text.xcconfig; name = "Pods-AeroGearSyncDemo-AeroGearSyncDemoTests.debug.xcconfig"; path = "Pods/Target Support Files/Pods-AeroGearSyncDemo-AeroGearSyncDemoTests/Pods-AeroGearSyncDemo-AeroGearSyncDemoTests.debug.xcconfig"; sourceTree = "<group>"; };
		AB55F167CAD5E7F97A2506AB /* Pods.framework */ = {isa = PBXFileReference; explicitFileType = wrapper.framework; includeInIndex = 0; path = Pods.framework; sourceTree = BUILT_PRODUCTS_DIR; };
		C0736E86232B4F200345D751 /* Pods-AeroGearSyncDemo.debug.xcconfig */ = {isa = PBXFileReference; includeInIndex = 1; lastKnownFileType = text.xcconfig; name = "Pods-AeroGearSyncDemo.debug.xcconfig"; path = "Pods/Target Support Files/Pods-AeroGearSyncDemo/Pods-AeroGearSyncDemo.debug.xcconfig"; sourceTree = "<group>"; };
		C537FCAF1A022A7F00CA79A0 /* Info.swift */ = {isa = PBXFileReference; fileEncoding = 4; lastKnownFileType = sourcecode.swift; path = Info.swift; sourceTree = "<group>"; };
		C565E3641A00EC5500EB2B1D /* AeroGearSyncDemo.app */ = {isa = PBXFileReference; explicitFileType = wrapper.application; includeInIndex = 0; path = AeroGearSyncDemo.app; sourceTree = BUILT_PRODUCTS_DIR; };
		C565E3681A00EC5500EB2B1D /* Info.plist */ = {isa = PBXFileReference; lastKnownFileType = text.plist.xml; path = Info.plist; sourceTree = "<group>"; };
		C565E3691A00EC5500EB2B1D /* AppDelegate.swift */ = {isa = PBXFileReference; lastKnownFileType = sourcecode.swift; path = AppDelegate.swift; sourceTree = "<group>"; };
		C565E36B1A00EC5500EB2B1D /* ViewController.swift */ = {isa = PBXFileReference; lastKnownFileType = sourcecode.swift; path = ViewController.swift; sourceTree = "<group>"; };
		C565E36E1A00EC5500EB2B1D /* Base */ = {isa = PBXFileReference; lastKnownFileType = file.storyboard; name = Base; path = Base.lproj/Main.storyboard; sourceTree = "<group>"; };
		C565E3701A00EC5500EB2B1D /* Images.xcassets */ = {isa = PBXFileReference; lastKnownFileType = folder.assetcatalog; path = Images.xcassets; sourceTree = "<group>"; };
		C565E3731A00EC5600EB2B1D /* Base */ = {isa = PBXFileReference; lastKnownFileType = file.xib; name = Base; path = Base.lproj/LaunchScreen.xib; sourceTree = "<group>"; };
		C565E3791A00EC5600EB2B1D /* AeroGearSyncDemoTests.xctest */ = {isa = PBXFileReference; explicitFileType = wrapper.cfbundle; includeInIndex = 0; path = AeroGearSyncDemoTests.xctest; sourceTree = BUILT_PRODUCTS_DIR; };
		C565E37E1A00EC5600EB2B1D /* Info.plist */ = {isa = PBXFileReference; lastKnownFileType = text.plist.xml; path = Info.plist; sourceTree = "<group>"; };
		C565E37F1A00EC5600EB2B1D /* AeroGearSyncDemoTests.swift */ = {isa = PBXFileReference; lastKnownFileType = sourcecode.swift; path = AeroGearSyncDemoTests.swift; sourceTree = "<group>"; };
		E2D7E28971241B05BFCE8E49 /* Pods-AeroGearSyncDemo-AeroGearSyncDemoTests.release.xcconfig */ = {isa = PBXFileReference; includeInIndex = 1; lastKnownFileType = text.xcconfig; name = "Pods-AeroGearSyncDemo-AeroGearSyncDemoTests.release.xcconfig"; path = "Pods/Target Support Files/Pods-AeroGearSyncDemo-AeroGearSyncDemoTests/Pods-AeroGearSyncDemo-AeroGearSyncDemoTests.release.xcconfig"; sourceTree = "<group>"; };
		ECD8D08ABA2A63EF0B9B9FE8 /* Pods_AeroGearSyncDemo.framework */ = {isa = PBXFileReference; explicitFileType = wrapper.framework; includeInIndex = 0; path = Pods_AeroGearSyncDemo.framework; sourceTree = BUILT_PRODUCTS_DIR; };
/* End PBXFileReference section */

/* Begin PBXFrameworksBuildPhase section */
		C565E3611A00EC5500EB2B1D /* Frameworks */ = {
			isa = PBXFrameworksBuildPhase;
			buildActionMask = 2147483647;
			files = (
				C07620B899BDFA7ADFAAF4F8 /* Pods_AeroGearSyncDemo.framework in Frameworks */,
			);
			runOnlyForDeploymentPostprocessing = 0;
		};
		C565E3761A00EC5600EB2B1D /* Frameworks */ = {
			isa = PBXFrameworksBuildPhase;
			buildActionMask = 2147483647;
			files = (
				4C5192730A06EDCED7F870E2 /* Pods_AeroGearSyncDemo_AeroGearSyncDemoTests.framework in Frameworks */,
			);
			runOnlyForDeploymentPostprocessing = 0;
		};
/* End PBXFrameworksBuildPhase section */

/* Begin PBXGroup section */
		1D2CE3DFE45E6E7AEF322F8A /* Frameworks */ = {
			isa = PBXGroup;
			children = (
				AB55F167CAD5E7F97A2506AB /* Pods.framework */,
				ECD8D08ABA2A63EF0B9B9FE8 /* Pods_AeroGearSyncDemo.framework */,
				1ED0E8D8E336AD7A55513EAD /* Pods_AeroGearSyncDemo_AeroGearSyncDemoTests.framework */,
			);
			name = Frameworks;
			sourceTree = "<group>";
		};
		C565E35B1A00EC5500EB2B1D = {
			isa = PBXGroup;
			children = (
				C565E3661A00EC5500EB2B1D /* AeroGearSyncDemo */,
				C565E37C1A00EC5600EB2B1D /* AeroGearSyncDemoTests */,
				C565E3651A00EC5500EB2B1D /* Products */,
				1D2CE3DFE45E6E7AEF322F8A /* Frameworks */,
				C7F09F4349B8306B9865DF8D /* Pods */,
			);
			sourceTree = "<group>";
		};
		C565E3651A00EC5500EB2B1D /* Products */ = {
			isa = PBXGroup;
			children = (
				C565E3641A00EC5500EB2B1D /* AeroGearSyncDemo.app */,
				C565E3791A00EC5600EB2B1D /* AeroGearSyncDemoTests.xctest */,
			);
			name = Products;
			sourceTree = "<group>";
		};
		C565E3661A00EC5500EB2B1D /* AeroGearSyncDemo */ = {
			isa = PBXGroup;
			children = (
				C565E3691A00EC5500EB2B1D /* AppDelegate.swift */,
				C565E36B1A00EC5500EB2B1D /* ViewController.swift */,
				C537FCAF1A022A7F00CA79A0 /* Info.swift */,
				C565E36D1A00EC5500EB2B1D /* Main.storyboard */,
				C565E3701A00EC5500EB2B1D /* Images.xcassets */,
				C565E3721A00EC5500EB2B1D /* LaunchScreen.xib */,
				C565E3671A00EC5500EB2B1D /* Supporting Files */,
			);
			path = AeroGearSyncDemo;
			sourceTree = "<group>";
		};
		C565E3671A00EC5500EB2B1D /* Supporting Files */ = {
			isa = PBXGroup;
			children = (
				C565E3681A00EC5500EB2B1D /* Info.plist */,
			);
			name = "Supporting Files";
			sourceTree = "<group>";
		};
		C565E37C1A00EC5600EB2B1D /* AeroGearSyncDemoTests */ = {
			isa = PBXGroup;
			children = (
				C565E37F1A00EC5600EB2B1D /* AeroGearSyncDemoTests.swift */,
				C565E37D1A00EC5600EB2B1D /* Supporting Files */,
			);
			path = AeroGearSyncDemoTests;
			sourceTree = "<group>";
		};
		C565E37D1A00EC5600EB2B1D /* Supporting Files */ = {
			isa = PBXGroup;
			children = (
				C565E37E1A00EC5600EB2B1D /* Info.plist */,
			);
			name = "Supporting Files";
			sourceTree = "<group>";
		};
		C7F09F4349B8306B9865DF8D /* Pods */ = {
			isa = PBXGroup;
			children = (
				C0736E86232B4F200345D751 /* Pods-AeroGearSyncDemo.debug.xcconfig */,
				25975B403BE28D5016ED2DFD /* Pods-AeroGearSyncDemo.release.xcconfig */,
				AAF53BDA57F92EFB5413BAB4 /* Pods-AeroGearSyncDemo-AeroGearSyncDemoTests.debug.xcconfig */,
				E2D7E28971241B05BFCE8E49 /* Pods-AeroGearSyncDemo-AeroGearSyncDemoTests.release.xcconfig */,
			);
			name = Pods;
			sourceTree = "<group>";
		};
/* End PBXGroup section */

/* Begin PBXNativeTarget section */
		C565E3631A00EC5500EB2B1D /* AeroGearSyncDemo */ = {
			isa = PBXNativeTarget;
			buildConfigurationList = C565E3831A00EC5600EB2B1D /* Build configuration list for PBXNativeTarget "AeroGearSyncDemo" */;
			buildPhases = (
				FC80AF3CE21B743AB89BCAC5 /* [CP] Check Pods Manifest.lock */,
				C565E3601A00EC5500EB2B1D /* Sources */,
				C565E3611A00EC5500EB2B1D /* Frameworks */,
				C565E3621A00EC5500EB2B1D /* Resources */,
				BE6D35F4650DEA5971B219D9 /* [CP] Embed Pods Frameworks */,
				1B7C02509AC7E00845E16B5D /* [CP] Copy Pods Resources */,
			);
			buildRules = (
			);
			dependencies = (
			);
			name = AeroGearSyncDemo;
			productName = AeroGearSyncDemo;
			productReference = C565E3641A00EC5500EB2B1D /* AeroGearSyncDemo.app */;
			productType = "com.apple.product-type.application";
		};
		C565E3781A00EC5600EB2B1D /* AeroGearSyncDemoTests */ = {
			isa = PBXNativeTarget;
			buildConfigurationList = C565E3861A00EC5600EB2B1D /* Build configuration list for PBXNativeTarget "AeroGearSyncDemoTests" */;
			buildPhases = (
				922A46A439BF8A1E9B2088A7 /* [CP] Check Pods Manifest.lock */,
				C565E3751A00EC5600EB2B1D /* Sources */,
				C565E3761A00EC5600EB2B1D /* Frameworks */,
				C565E3771A00EC5600EB2B1D /* Resources */,
				DCB6647B2A47BBEA34260E63 /* [CP] Embed Pods Frameworks */,
				D1995A9157331A56B81FBCA3 /* [CP] Copy Pods Resources */,
			);
			buildRules = (
			);
			dependencies = (
				C565E37B1A00EC5600EB2B1D /* PBXTargetDependency */,
			);
			name = AeroGearSyncDemoTests;
			productName = AeroGearSyncDemoTests;
			productReference = C565E3791A00EC5600EB2B1D /* AeroGearSyncDemoTests.xctest */;
			productType = "com.apple.product-type.bundle.unit-test";
		};
/* End PBXNativeTarget section */

/* Begin PBXProject section */
		C565E35C1A00EC5500EB2B1D /* Project object */ = {
			isa = PBXProject;
			attributes = {
				LastSwiftUpdateCheck = 0700;
				LastUpgradeCheck = 0810;
				ORGANIZATIONNAME = "Daniel Bevenius";
				TargetAttributes = {
					C565E3631A00EC5500EB2B1D = {
						CreatedOnToolsVersion = 6.1;
						LastSwiftMigration = 0810;
					};
					C565E3781A00EC5600EB2B1D = {
						CreatedOnToolsVersion = 6.1;
						LastSwiftMigration = 0810;
						ProvisioningStyle = Automatic;
						TestTargetID = C565E3631A00EC5500EB2B1D;
					};
				};
			};
			buildConfigurationList = C565E35F1A00EC5500EB2B1D /* Build configuration list for PBXProject "AeroGearSyncDemo" */;
			compatibilityVersion = "Xcode 3.2";
			developmentRegion = English;
			hasScannedForEncodings = 0;
			knownRegions = (
				en,
				Base,
			);
			mainGroup = C565E35B1A00EC5500EB2B1D;
			productRefGroup = C565E3651A00EC5500EB2B1D /* Products */;
			projectDirPath = "";
			projectRoot = "";
			targets = (
				C565E3631A00EC5500EB2B1D /* AeroGearSyncDemo */,
				C565E3781A00EC5600EB2B1D /* AeroGearSyncDemoTests */,
			);
		};
/* End PBXProject section */

/* Begin PBXResourcesBuildPhase section */
		C565E3621A00EC5500EB2B1D /* Resources */ = {
			isa = PBXResourcesBuildPhase;
			buildActionMask = 2147483647;
			files = (
				C565E36F1A00EC5500EB2B1D /* Main.storyboard in Resources */,
				C565E3741A00EC5600EB2B1D /* LaunchScreen.xib in Resources */,
				C565E3711A00EC5500EB2B1D /* Images.xcassets in Resources */,
			);
			runOnlyForDeploymentPostprocessing = 0;
		};
		C565E3771A00EC5600EB2B1D /* Resources */ = {
			isa = PBXResourcesBuildPhase;
			buildActionMask = 2147483647;
			files = (
			);
			runOnlyForDeploymentPostprocessing = 0;
		};
/* End PBXResourcesBuildPhase section */

/* Begin PBXShellScriptBuildPhase section */
		1B7C02509AC7E00845E16B5D /* [CP] Copy Pods Resources */ = {
			isa = PBXShellScriptBuildPhase;
			buildActionMask = 2147483647;
			files = (
			);
			inputPaths = (
			);
			name = "[CP] Copy Pods Resources";
			outputPaths = (
			);
			runOnlyForDeploymentPostprocessing = 0;
			shellPath = /bin/sh;
			shellScript = "\"${SRCROOT}/Pods/Target Support Files/Pods-AeroGearSyncDemo/Pods-AeroGearSyncDemo-resources.sh\"\n";
			showEnvVarsInLog = 0;
		};
		922A46A439BF8A1E9B2088A7 /* [CP] Check Pods Manifest.lock */ = {
			isa = PBXShellScriptBuildPhase;
			buildActionMask = 2147483647;
			files = (
			);
			inputPaths = (
			);
			name = "[CP] Check Pods Manifest.lock";
			outputPaths = (
			);
			runOnlyForDeploymentPostprocessing = 0;
			shellPath = /bin/sh;
			shellScript = "diff \"${PODS_ROOT}/../Podfile.lock\" \"${PODS_ROOT}/Manifest.lock\" > /dev/null\nif [ $? != 0 ] ; then\n    # print error to STDERR\n    echo \"error: The sandbox is not in sync with the Podfile.lock. Run 'pod install' or update your CocoaPods installation.\" >&2\n    exit 1\nfi\n";
			showEnvVarsInLog = 0;
		};
		BE6D35F4650DEA5971B219D9 /* [CP] Embed Pods Frameworks */ = {
			isa = PBXShellScriptBuildPhase;
			buildActionMask = 2147483647;
			files = (
			);
			inputPaths = (
			);
			name = "[CP] Embed Pods Frameworks";
			outputPaths = (
			);
			runOnlyForDeploymentPostprocessing = 0;
			shellPath = /bin/sh;
			shellScript = "\"${SRCROOT}/Pods/Target Support Files/Pods-AeroGearSyncDemo/Pods-AeroGearSyncDemo-frameworks.sh\"\n";
			showEnvVarsInLog = 0;
		};
		D1995A9157331A56B81FBCA3 /* [CP] Copy Pods Resources */ = {
			isa = PBXShellScriptBuildPhase;
			buildActionMask = 2147483647;
			files = (
			);
			inputPaths = (
			);
			name = "[CP] Copy Pods Resources";
			outputPaths = (
			);
			runOnlyForDeploymentPostprocessing = 0;
			shellPath = /bin/sh;
			shellScript = "\"${SRCROOT}/Pods/Target Support Files/Pods-AeroGearSyncDemo-AeroGearSyncDemoTests/Pods-AeroGearSyncDemo-AeroGearSyncDemoTests-resources.sh\"\n";
			showEnvVarsInLog = 0;
		};
		DCB6647B2A47BBEA34260E63 /* [CP] Embed Pods Frameworks */ = {
			isa = PBXShellScriptBuildPhase;
			buildActionMask = 2147483647;
			files = (
			);
			inputPaths = (
			);
			name = "[CP] Embed Pods Frameworks";
			outputPaths = (
			);
			runOnlyForDeploymentPostprocessing = 0;
			shellPath = /bin/sh;
			shellScript = "\"${SRCROOT}/Pods/Target Support Files/Pods-AeroGearSyncDemo-AeroGearSyncDemoTests/Pods-AeroGearSyncDemo-AeroGearSyncDemoTests-frameworks.sh\"\n";
			showEnvVarsInLog = 0;
		};
		FC80AF3CE21B743AB89BCAC5 /* [CP] Check Pods Manifest.lock */ = {
			isa = PBXShellScriptBuildPhase;
			buildActionMask = 2147483647;
			files = (
			);
			inputPaths = (
			);
			name = "[CP] Check Pods Manifest.lock";
			outputPaths = (
			);
			runOnlyForDeploymentPostprocessing = 0;
			shellPath = /bin/sh;
			shellScript = "diff \"${PODS_ROOT}/../Podfile.lock\" \"${PODS_ROOT}/Manifest.lock\" > /dev/null\nif [ $? != 0 ] ; then\n    # print error to STDERR\n    echo \"error: The sandbox is not in sync with the Podfile.lock. Run 'pod install' or update your CocoaPods installation.\" >&2\n    exit 1\nfi\n";
			showEnvVarsInLog = 0;
		};
/* End PBXShellScriptBuildPhase section */

/* Begin PBXSourcesBuildPhase section */
		C565E3601A00EC5500EB2B1D /* Sources */ = {
			isa = PBXSourcesBuildPhase;
			buildActionMask = 2147483647;
			files = (
				C537FCB01A022A7F00CA79A0 /* Info.swift in Sources */,
				C565E36C1A00EC5500EB2B1D /* ViewController.swift in Sources */,
				C565E36A1A00EC5500EB2B1D /* AppDelegate.swift in Sources */,
			);
			runOnlyForDeploymentPostprocessing = 0;
		};
		C565E3751A00EC5600EB2B1D /* Sources */ = {
			isa = PBXSourcesBuildPhase;
			buildActionMask = 2147483647;
			files = (
				C565E3801A00EC5600EB2B1D /* AeroGearSyncDemoTests.swift in Sources */,
			);
			runOnlyForDeploymentPostprocessing = 0;
		};
/* End PBXSourcesBuildPhase section */

/* Begin PBXTargetDependency section */
		C565E37B1A00EC5600EB2B1D /* PBXTargetDependency */ = {
			isa = PBXTargetDependency;
			target = C565E3631A00EC5500EB2B1D /* AeroGearSyncDemo */;
			targetProxy = C565E37A1A00EC5600EB2B1D /* PBXContainerItemProxy */;
		};
/* End PBXTargetDependency section */

/* Begin PBXVariantGroup section */
		C565E36D1A00EC5500EB2B1D /* Main.storyboard */ = {
			isa = PBXVariantGroup;
			children = (
				C565E36E1A00EC5500EB2B1D /* Base */,
			);
			name = Main.storyboard;
			sourceTree = "<group>";
		};
		C565E3721A00EC5500EB2B1D /* LaunchScreen.xib */ = {
			isa = PBXVariantGroup;
			children = (
				C565E3731A00EC5600EB2B1D /* Base */,
			);
			name = LaunchScreen.xib;
			sourceTree = "<group>";
		};
/* End PBXVariantGroup section */

/* Begin XCBuildConfiguration section */
		C565E3811A00EC5600EB2B1D /* Debug */ = {
			isa = XCBuildConfiguration;
			buildSettings = {
				ALWAYS_SEARCH_USER_PATHS = NO;
				CLANG_CXX_LANGUAGE_STANDARD = "gnu++0x";
				CLANG_CXX_LIBRARY = "libc++";
				CLANG_ENABLE_MODULES = YES;
				CLANG_ENABLE_OBJC_ARC = YES;
				CLANG_WARN_BOOL_CONVERSION = YES;
				CLANG_WARN_CONSTANT_CONVERSION = YES;
				CLANG_WARN_DIRECT_OBJC_ISA_USAGE = YES_ERROR;
				CLANG_WARN_EMPTY_BODY = YES;
				CLANG_WARN_ENUM_CONVERSION = YES;
				CLANG_WARN_INFINITE_RECURSION = YES;
				CLANG_WARN_INT_CONVERSION = YES;
				CLANG_WARN_OBJC_ROOT_CLASS = YES_ERROR;
				CLANG_WARN_SUSPICIOUS_MOVE = YES;
				CLANG_WARN_UNREACHABLE_CODE = YES;
				CLANG_WARN__DUPLICATE_METHOD_MATCH = YES;
				"CODE_SIGN_IDENTITY[sdk=iphoneos*]" = "iPhone Developer";
				COPY_PHASE_STRIP = NO;
				ENABLE_STRICT_OBJC_MSGSEND = YES;
				ENABLE_TESTABILITY = YES;
				GCC_C_LANGUAGE_STANDARD = gnu99;
				GCC_DYNAMIC_NO_PIC = NO;
				GCC_NO_COMMON_BLOCKS = YES;
				GCC_OPTIMIZATION_LEVEL = 0;
				GCC_PREPROCESSOR_DEFINITIONS = (
					"DEBUG=1",
					"$(inherited)",
				);
				GCC_SYMBOLS_PRIVATE_EXTERN = NO;
				GCC_WARN_64_TO_32_BIT_CONVERSION = YES;
				GCC_WARN_ABOUT_RETURN_TYPE = YES_ERROR;
				GCC_WARN_UNDECLARED_SELECTOR = YES;
				GCC_WARN_UNINITIALIZED_AUTOS = YES_AGGRESSIVE;
				GCC_WARN_UNUSED_FUNCTION = YES;
				GCC_WARN_UNUSED_VARIABLE = YES;
				IPHONEOS_DEPLOYMENT_TARGET = 8.0;
				MTL_ENABLE_DEBUG_INFO = YES;
				ONLY_ACTIVE_ARCH = YES;
				SDKROOT = iphoneos;
				SWIFT_OPTIMIZATION_LEVEL = "-Onone";
				SWIFT_VERSION = 3.0.1;
			};
			name = Debug;
		};
		C565E3821A00EC5600EB2B1D /* Release */ = {
			isa = XCBuildConfiguration;
			buildSettings = {
				ALWAYS_SEARCH_USER_PATHS = NO;
				CLANG_CXX_LANGUAGE_STANDARD = "gnu++0x";
				CLANG_CXX_LIBRARY = "libc++";
				CLANG_ENABLE_MODULES = YES;
				CLANG_ENABLE_OBJC_ARC = YES;
				CLANG_WARN_BOOL_CONVERSION = YES;
				CLANG_WARN_CONSTANT_CONVERSION = YES;
				CLANG_WARN_DIRECT_OBJC_ISA_USAGE = YES_ERROR;
				CLANG_WARN_EMPTY_BODY = YES;
				CLANG_WARN_ENUM_CONVERSION = YES;
				CLANG_WARN_INFINITE_RECURSION = YES;
				CLANG_WARN_INT_CONVERSION = YES;
				CLANG_WARN_OBJC_ROOT_CLASS = YES_ERROR;
				CLANG_WARN_SUSPICIOUS_MOVE = YES;
				CLANG_WARN_UNREACHABLE_CODE = YES;
				CLANG_WARN__DUPLICATE_METHOD_MATCH = YES;
				"CODE_SIGN_IDENTITY[sdk=iphoneos*]" = "iPhone Developer";
				COPY_PHASE_STRIP = YES;
				ENABLE_NS_ASSERTIONS = NO;
				ENABLE_STRICT_OBJC_MSGSEND = YES;
				GCC_C_LANGUAGE_STANDARD = gnu99;
				GCC_NO_COMMON_BLOCKS = YES;
				GCC_WARN_64_TO_32_BIT_CONVERSION = YES;
				GCC_WARN_ABOUT_RETURN_TYPE = YES_ERROR;
				GCC_WARN_UNDECLARED_SELECTOR = YES;
				GCC_WARN_UNINITIALIZED_AUTOS = YES_AGGRESSIVE;
				GCC_WARN_UNUSED_FUNCTION = YES;
				GCC_WARN_UNUSED_VARIABLE = YES;
				IPHONEOS_DEPLOYMENT_TARGET = 8.0;
				MTL_ENABLE_DEBUG_INFO = NO;
				SDKROOT = iphoneos;
				SWIFT_OPTIMIZATION_LEVEL = "-Owholemodule";
				SWIFT_VERSION = 3.0.1;
				VALIDATE_PRODUCT = YES;
			};
			name = Release;
		};
		C565E3841A00EC5600EB2B1D /* Debug */ = {
			isa = XCBuildConfiguration;
			baseConfigurationReference = C0736E86232B4F200345D751 /* Pods-AeroGearSyncDemo.debug.xcconfig */;
			buildSettings = {
				ALWAYS_EMBED_SWIFT_STANDARD_LIBRARIES = "$(inherited)";
				ASSETCATALOG_COMPILER_APPICON_NAME = AppIcon;
				FRAMEWORK_SEARCH_PATHS = "$(inherited)";
				INFOPLIST_FILE = AeroGearSyncDemo/Info.plist;
				LD_RUNPATH_SEARCH_PATHS = "$(inherited) @executable_path/Frameworks";
				ONLY_ACTIVE_ARCH = YES;
				PRODUCT_BUNDLE_IDENTIFIER = "org.aerogear.$(PRODUCT_NAME:rfc1034identifier)";
				PRODUCT_NAME = "$(TARGET_NAME)";
				SWIFT_VERSION = 3.0.1;
			};
			name = Debug;
		};
		C565E3851A00EC5600EB2B1D /* Release */ = {
			isa = XCBuildConfiguration;
			baseConfigurationReference = 25975B403BE28D5016ED2DFD /* Pods-AeroGearSyncDemo.release.xcconfig */;
			buildSettings = {
				ALWAYS_EMBED_SWIFT_STANDARD_LIBRARIES = "$(inherited)";
				ASSETCATALOG_COMPILER_APPICON_NAME = AppIcon;
				FRAMEWORK_SEARCH_PATHS = "$(inherited)";
				INFOPLIST_FILE = AeroGearSyncDemo/Info.plist;
				LD_RUNPATH_SEARCH_PATHS = "$(inherited) @executable_path/Frameworks";
				ONLY_ACTIVE_ARCH = "$(inherited)";
				PRODUCT_BUNDLE_IDENTIFIER = "org.aerogear.$(PRODUCT_NAME:rfc1034identifier)";
				PRODUCT_NAME = "$(TARGET_NAME)";
				SWIFT_VERSION = 3.0.1;
			};
			name = Release;
		};
		C565E3871A00EC5600EB2B1D /* Debug */ = {
			isa = XCBuildConfiguration;
			baseConfigurationReference = AAF53BDA57F92EFB5413BAB4 /* Pods-AeroGearSyncDemo-AeroGearSyncDemoTests.debug.xcconfig */;
			buildSettings = {
				ALWAYS_EMBED_SWIFT_STANDARD_LIBRARIES = "$(inherited)";
				BUNDLE_LOADER = "$(TEST_HOST)";
				"CODE_SIGN_IDENTITY[sdk=iphoneos*]" = "iPhone Developer";
				DEVELOPMENT_TEAM = "";
				FRAMEWORK_SEARCH_PATHS = "$(inherited)";
				GCC_PREPROCESSOR_DEFINITIONS = (
					"DEBUG=1",
					"$(inherited)",
				);
				INFOPLIST_FILE = AeroGearSyncDemoTests/Info.plist;
				LD_RUNPATH_SEARCH_PATHS = "$(inherited)";
				ONLY_ACTIVE_ARCH = YES;
				PRODUCT_BUNDLE_IDENTIFIER = "org.aerogear.$(PRODUCT_NAME:rfc1034identifier)";
				PRODUCT_NAME = "$(TARGET_NAME)";
				SWIFT_VERSION = 3.0.1;
				TEST_HOST = "$(BUILT_PRODUCTS_DIR)/AeroGearSyncDemo.app/AeroGearSyncDemo";
			};
			name = Debug;
		};
		C565E3881A00EC5600EB2B1D /* Release */ = {
			isa = XCBuildConfiguration;
			baseConfigurationReference = E2D7E28971241B05BFCE8E49 /* Pods-AeroGearSyncDemo-AeroGearSyncDemoTests.release.xcconfig */;
			buildSettings = {
				ALWAYS_EMBED_SWIFT_STANDARD_LIBRARIES = "$(inherited)";
				BUNDLE_LOADER = "$(TEST_HOST)";
				"CODE_SIGN_IDENTITY[sdk=iphoneos*]" = "iPhone Developer";
				DEVELOPMENT_TEAM = "";
				FRAMEWORK_SEARCH_PATHS = "$(inherited)";
				INFOPLIST_FILE = AeroGearSyncDemoTests/Info.plist;
				LD_RUNPATH_SEARCH_PATHS = "$(inherited)";
				PRODUCT_BUNDLE_IDENTIFIER = "org.aerogear.$(PRODUCT_NAME:rfc1034identifier)";
				PRODUCT_NAME = "$(TARGET_NAME)";
				SWIFT_VERSION = 3.0.1;
				TEST_HOST = "$(BUILT_PRODUCTS_DIR)/AeroGearSyncDemo.app/AeroGearSyncDemo";
			};
			name = Release;
		};
/* End XCBuildConfiguration section */

/* Begin XCConfigurationList section */
		C565E35F1A00EC5500EB2B1D /* Build configuration list for PBXProject "AeroGearSyncDemo" */ = {
			isa = XCConfigurationList;
			buildConfigurations = (
				C565E3811A00EC5600EB2B1D /* Debug */,
				C565E3821A00EC5600EB2B1D /* Release */,
			);
			defaultConfigurationIsVisible = 0;
			defaultConfigurationName = Release;
		};
		C565E3831A00EC5600EB2B1D /* Build configuration list for PBXNativeTarget "AeroGearSyncDemo" */ = {
			isa = XCConfigurationList;
			buildConfigurations = (
				C565E3841A00EC5600EB2B1D /* Debug */,
				C565E3851A00EC5600EB2B1D /* Release */,
			);
			defaultConfigurationIsVisible = 0;
			defaultConfigurationName = Release;
		};
		C565E3861A00EC5600EB2B1D /* Build configuration list for PBXNativeTarget "AeroGearSyncDemoTests" */ = {
			isa = XCConfigurationList;
			buildConfigurations = (
				C565E3871A00EC5600EB2B1D /* Debug */,
				C565E3881A00EC5600EB2B1D /* Release */,
			);
			defaultConfigurationIsVisible = 0;
			defaultConfigurationName = Release;
		};
/* End XCConfigurationList section */
	};
	rootObject = C565E35C1A00EC5500EB2B1D /* Project object */;
}
