// !$*UTF8*$!
{
	archiveVersion = 1;
	classes = {
	};
	objectVersion = 46;
	objects = {

/* Begin PBXBuildFile section */
		48F70A5919B6EED400DDB152 /* HttpMethod.swift in Sources */ = {isa = PBXBuildFile; fileRef = 48F70A5219B6EED400DDB152 /* HttpMethod.swift */; };
		48F70A5A19B6EED400DDB152 /* Info.plist in Resources */ = {isa = PBXBuildFile; fileRef = 48F70A5319B6EED400DDB152 /* Info.plist */; };
		48F70A5B19B6EED400DDB152 /* JsonRequestSerializer.swift in Sources */ = {isa = PBXBuildFile; fileRef = 48F70A5419B6EED400DDB152 /* JsonRequestSerializer.swift */; };
		48F70A5C19B6EED400DDB152 /* JsonResponseSerializer.swift in Sources */ = {isa = PBXBuildFile; fileRef = 48F70A5519B6EED400DDB152 /* JsonResponseSerializer.swift */; };
		48F70A5D19B6EED400DDB152 /* RequestSerializer.swift in Sources */ = {isa = PBXBuildFile; fileRef = 48F70A5619B6EED400DDB152 /* RequestSerializer.swift */; };
		48F70A5E19B6EED400DDB152 /* ResponseSerializer.swift in Sources */ = {isa = PBXBuildFile; fileRef = 48F70A5719B6EED400DDB152 /* ResponseSerializer.swift */; };
		48F70A5F19B6EED400DDB152 /* Session.swift in Sources */ = {isa = PBXBuildFile; fileRef = 48F70A5819B6EED400DDB152 /* Session.swift */; };
		D993275519ACBDA40050E352 /* AppDelegate.swift in Sources */ = {isa = PBXBuildFile; fileRef = D993275419ACBDA40050E352 /* AppDelegate.swift */; };
		D993275719ACBDA40050E352 /* ViewController.swift in Sources */ = {isa = PBXBuildFile; fileRef = D993275619ACBDA40050E352 /* ViewController.swift */; };
		D993275C19ACBDA40050E352 /* Main.storyboard in Resources */ = {isa = PBXBuildFile; fileRef = D993275A19ACBDA40050E352 /* Main.storyboard */; };
		D993275E19ACBDA40050E352 /* Images.xcassets in Resources */ = {isa = PBXBuildFile; fileRef = D993275D19ACBDA40050E352 /* Images.xcassets */; };
		D993276A19ACBDA40050E352 /* BuddiesTests.swift in Sources */ = {isa = PBXBuildFile; fileRef = D993276919ACBDA40050E352 /* BuddiesTests.swift */; };
/* End PBXBuildFile section */

/* Begin PBXContainerItemProxy section */
		D993276419ACBDA40050E352 /* PBXContainerItemProxy */ = {
			isa = PBXContainerItemProxy;
			containerPortal = D993274719ACBDA40050E352 /* Project object */;
			proxyType = 1;
			remoteGlobalIDString = D993274E19ACBDA40050E352;
			remoteInfo = Buddies;
		};
/* End PBXContainerItemProxy section */

/* Begin PBXFileReference section */
		48F70A5119B6EED400DDB152 /* AeroGearHttp.h */ = {isa = PBXFileReference; fileEncoding = 4; lastKnownFileType = sourcecode.c.h; path = AeroGearHttp.h; sourceTree = "<group>"; };
		48F70A5219B6EED400DDB152 /* HttpMethod.swift */ = {isa = PBXFileReference; fileEncoding = 4; lastKnownFileType = sourcecode.swift; path = HttpMethod.swift; sourceTree = "<group>"; };
		48F70A5319B6EED400DDB152 /* Info.plist */ = {isa = PBXFileReference; fileEncoding = 4; lastKnownFileType = text.plist.xml; path = Info.plist; sourceTree = "<group>"; };
		48F70A5419B6EED400DDB152 /* JsonRequestSerializer.swift */ = {isa = PBXFileReference; fileEncoding = 4; lastKnownFileType = sourcecode.swift; path = JsonRequestSerializer.swift; sourceTree = "<group>"; };
		48F70A5519B6EED400DDB152 /* JsonResponseSerializer.swift */ = {isa = PBXFileReference; fileEncoding = 4; lastKnownFileType = sourcecode.swift; path = JsonResponseSerializer.swift; sourceTree = "<group>"; };
		48F70A5619B6EED400DDB152 /* RequestSerializer.swift */ = {isa = PBXFileReference; fileEncoding = 4; lastKnownFileType = sourcecode.swift; path = RequestSerializer.swift; sourceTree = "<group>"; };
		48F70A5719B6EED400DDB152 /* ResponseSerializer.swift */ = {isa = PBXFileReference; fileEncoding = 4; lastKnownFileType = sourcecode.swift; path = ResponseSerializer.swift; sourceTree = "<group>"; };
		48F70A5819B6EED400DDB152 /* Session.swift */ = {isa = PBXFileReference; fileEncoding = 4; lastKnownFileType = sourcecode.swift; path = Session.swift; sourceTree = "<group>"; };
		D993274F19ACBDA40050E352 /* Buddies.app */ = {isa = PBXFileReference; explicitFileType = wrapper.application; includeInIndex = 0; path = Buddies.app; sourceTree = BUILT_PRODUCTS_DIR; };
		D993275319ACBDA40050E352 /* Info.plist */ = {isa = PBXFileReference; lastKnownFileType = text.plist.xml; path = Info.plist; sourceTree = "<group>"; };
		D993275419ACBDA40050E352 /* AppDelegate.swift */ = {isa = PBXFileReference; lastKnownFileType = sourcecode.swift; path = AppDelegate.swift; sourceTree = "<group>"; };
		D993275619ACBDA40050E352 /* ViewController.swift */ = {isa = PBXFileReference; lastKnownFileType = sourcecode.swift; path = ViewController.swift; sourceTree = "<group>"; };
		D993275B19ACBDA40050E352 /* Base */ = {isa = PBXFileReference; lastKnownFileType = file.storyboard; name = Base; path = Base.lproj/Main.storyboard; sourceTree = "<group>"; };
		D993275D19ACBDA40050E352 /* Images.xcassets */ = {isa = PBXFileReference; lastKnownFileType = folder.assetcatalog; path = Images.xcassets; sourceTree = "<group>"; };
		D993276319ACBDA40050E352 /* BuddiesTests.xctest */ = {isa = PBXFileReference; explicitFileType = wrapper.cfbundle; includeInIndex = 0; path = BuddiesTests.xctest; sourceTree = BUILT_PRODUCTS_DIR; };
		D993276819ACBDA40050E352 /* Info.plist */ = {isa = PBXFileReference; lastKnownFileType = text.plist.xml; path = Info.plist; sourceTree = "<group>"; };
		D993276919ACBDA40050E352 /* BuddiesTests.swift */ = {isa = PBXFileReference; lastKnownFileType = sourcecode.swift; path = BuddiesTests.swift; sourceTree = "<group>"; };
/* End PBXFileReference section */

/* Begin PBXFrameworksBuildPhase section */
		D993274C19ACBDA40050E352 /* Frameworks */ = {
			isa = PBXFrameworksBuildPhase;
			buildActionMask = 2147483647;
			files = (
			);
			runOnlyForDeploymentPostprocessing = 0;
		};
		D993276019ACBDA40050E352 /* Frameworks */ = {
			isa = PBXFrameworksBuildPhase;
			buildActionMask = 2147483647;
			files = (
			);
			runOnlyForDeploymentPostprocessing = 0;
		};
/* End PBXFrameworksBuildPhase section */

/* Begin PBXGroup section */
		481D49ED19ADD1D700B12A7E /* AeroGearHttp */ = {
			isa = PBXGroup;
			children = (
				48F70A5119B6EED400DDB152 /* AeroGearHttp.h */,
				48F70A5219B6EED400DDB152 /* HttpMethod.swift */,
				48F70A5319B6EED400DDB152 /* Info.plist */,
				48F70A5419B6EED400DDB152 /* JsonRequestSerializer.swift */,
				48F70A5519B6EED400DDB152 /* JsonResponseSerializer.swift */,
				48F70A5619B6EED400DDB152 /* RequestSerializer.swift */,
				48F70A5719B6EED400DDB152 /* ResponseSerializer.swift */,
				48F70A5819B6EED400DDB152 /* Session.swift */,
			);
			name = AeroGearHttp;
			path = ../../libs/AeroGearHttp;
			sourceTree = "<group>";
		};
		D993274619ACBDA40050E352 = {
			isa = PBXGroup;
			children = (
				D993275119ACBDA40050E352 /* Buddies */,
				D993276619ACBDA40050E352 /* BuddiesTests */,
				D993275019ACBDA40050E352 /* Products */,
			);
			sourceTree = "<group>";
		};
		D993275019ACBDA40050E352 /* Products */ = {
			isa = PBXGroup;
			children = (
				D993274F19ACBDA40050E352 /* Buddies.app */,
				D993276319ACBDA40050E352 /* BuddiesTests.xctest */,
			);
			name = Products;
			sourceTree = "<group>";
		};
		D993275119ACBDA40050E352 /* Buddies */ = {
			isa = PBXGroup;
			children = (
				D993275419ACBDA40050E352 /* AppDelegate.swift */,
				D993275619ACBDA40050E352 /* ViewController.swift */,
				D993275A19ACBDA40050E352 /* Main.storyboard */,
				D993275D19ACBDA40050E352 /* Images.xcassets */,
				D993275219ACBDA40050E352 /* Supporting Files */,
			);
			path = Buddies;
			sourceTree = "<group>";
		};
		D993275219ACBDA40050E352 /* Supporting Files */ = {
			isa = PBXGroup;
			children = (
				481D49ED19ADD1D700B12A7E /* AeroGearHttp */,
				D993275319ACBDA40050E352 /* Info.plist */,
			);
			name = "Supporting Files";
			sourceTree = "<group>";
		};
		D993276619ACBDA40050E352 /* BuddiesTests */ = {
			isa = PBXGroup;
			children = (
				D993276919ACBDA40050E352 /* BuddiesTests.swift */,
				D993276719ACBDA40050E352 /* Supporting Files */,
			);
			path = BuddiesTests;
			sourceTree = "<group>";
		};
		D993276719ACBDA40050E352 /* Supporting Files */ = {
			isa = PBXGroup;
			children = (
				D993276819ACBDA40050E352 /* Info.plist */,
			);
			name = "Supporting Files";
			sourceTree = "<group>";
		};
/* End PBXGroup section */

/* Begin PBXNativeTarget section */
		D993274E19ACBDA40050E352 /* Buddies */ = {
			isa = PBXNativeTarget;
			buildConfigurationList = D993276D19ACBDA40050E352 /* Build configuration list for PBXNativeTarget "Buddies" */;
			buildPhases = (
				D993274B19ACBDA40050E352 /* Sources */,
				D993274C19ACBDA40050E352 /* Frameworks */,
				D993274D19ACBDA40050E352 /* Resources */,
			);
			buildRules = (
			);
			dependencies = (
			);
			name = Buddies;
			productName = Buddies;
			productReference = D993274F19ACBDA40050E352 /* Buddies.app */;
			productType = "com.apple.product-type.application";
		};
		D993276219ACBDA40050E352 /* BuddiesTests */ = {
			isa = PBXNativeTarget;
			buildConfigurationList = D993277019ACBDA40050E352 /* Build configuration list for PBXNativeTarget "BuddiesTests" */;
			buildPhases = (
				D993275F19ACBDA40050E352 /* Sources */,
				D993276019ACBDA40050E352 /* Frameworks */,
				D993276119ACBDA40050E352 /* Resources */,
			);
			buildRules = (
			);
			dependencies = (
				D993276519ACBDA40050E352 /* PBXTargetDependency */,
			);
			name = BuddiesTests;
			productName = BuddiesTests;
			productReference = D993276319ACBDA40050E352 /* BuddiesTests.xctest */;
			productType = "com.apple.product-type.bundle.unit-test";
		};
/* End PBXNativeTarget section */

/* Begin PBXProject section */
		D993274719ACBDA40050E352 /* Project object */ = {
			isa = PBXProject;
			attributes = {
				LastUpgradeCheck = 0600;
				ORGANIZATIONNAME = "Red Hat";
				TargetAttributes = {
					D993274E19ACBDA40050E352 = {
						CreatedOnToolsVersion = 6.0;
					};
					D993276219ACBDA40050E352 = {
						CreatedOnToolsVersion = 6.0;
						TestTargetID = D993274E19ACBDA40050E352;
					};
				};
			};
			buildConfigurationList = D993274A19ACBDA40050E352 /* Build configuration list for PBXProject "Buddies" */;
			compatibilityVersion = "Xcode 3.2";
			developmentRegion = English;
			hasScannedForEncodings = 0;
			knownRegions = (
				en,
				Base,
			);
			mainGroup = D993274619ACBDA40050E352;
			productRefGroup = D993275019ACBDA40050E352 /* Products */;
			projectDirPath = "";
			projectRoot = "";
			targets = (
				D993274E19ACBDA40050E352 /* Buddies */,
				D993276219ACBDA40050E352 /* BuddiesTests */,
			);
		};
/* End PBXProject section */

/* Begin PBXResourcesBuildPhase section */
		D993274D19ACBDA40050E352 /* Resources */ = {
			isa = PBXResourcesBuildPhase;
			buildActionMask = 2147483647;
			files = (
				D993275C19ACBDA40050E352 /* Main.storyboard in Resources */,
				D993275E19ACBDA40050E352 /* Images.xcassets in Resources */,
				48F70A5A19B6EED400DDB152 /* Info.plist in Resources */,
			);
			runOnlyForDeploymentPostprocessing = 0;
		};
		D993276119ACBDA40050E352 /* Resources */ = {
			isa = PBXResourcesBuildPhase;
			buildActionMask = 2147483647;
			files = (
			);
			runOnlyForDeploymentPostprocessing = 0;
		};
/* End PBXResourcesBuildPhase section */

/* Begin PBXSourcesBuildPhase section */
		D993274B19ACBDA40050E352 /* Sources */ = {
			isa = PBXSourcesBuildPhase;
			buildActionMask = 2147483647;
			files = (
				D993275719ACBDA40050E352 /* ViewController.swift in Sources */,
				48F70A5919B6EED400DDB152 /* HttpMethod.swift in Sources */,
				D993275519ACBDA40050E352 /* AppDelegate.swift in Sources */,
				48F70A5D19B6EED400DDB152 /* RequestSerializer.swift in Sources */,
				48F70A5F19B6EED400DDB152 /* Session.swift in Sources */,
				48F70A5B19B6EED400DDB152 /* JsonRequestSerializer.swift in Sources */,
				48F70A5C19B6EED400DDB152 /* JsonResponseSerializer.swift in Sources */,
				48F70A5E19B6EED400DDB152 /* ResponseSerializer.swift in Sources */,
			);
			runOnlyForDeploymentPostprocessing = 0;
		};
		D993275F19ACBDA40050E352 /* Sources */ = {
			isa = PBXSourcesBuildPhase;
			buildActionMask = 2147483647;
			files = (
				D993276A19ACBDA40050E352 /* BuddiesTests.swift in Sources */,
			);
			runOnlyForDeploymentPostprocessing = 0;
		};
/* End PBXSourcesBuildPhase section */

/* Begin PBXTargetDependency section */
		D993276519ACBDA40050E352 /* PBXTargetDependency */ = {
			isa = PBXTargetDependency;
			target = D993274E19ACBDA40050E352 /* Buddies */;
			targetProxy = D993276419ACBDA40050E352 /* PBXContainerItemProxy */;
		};
/* End PBXTargetDependency section */

/* Begin PBXVariantGroup section */
		D993275A19ACBDA40050E352 /* Main.storyboard */ = {
			isa = PBXVariantGroup;
			children = (
				D993275B19ACBDA40050E352 /* Base */,
			);
			name = Main.storyboard;
			sourceTree = "<group>";
		};
/* End PBXVariantGroup section */

/* Begin XCBuildConfiguration section */
		D993276B19ACBDA40050E352 /* Debug */ = {
			isa = XCBuildConfiguration;
			buildSettings = {
				ALWAYS_SEARCH_USER_PATHS = NO;
				CLANG_CXX_LANGUAGE_STANDARD = "gnu++0x";
				CLANG_CXX_LIBRARY = "libc++";
				CLANG_ENABLE_MODULES = YES;
				CLANG_ENABLE_OBJC_ARC = YES;
				CLANG_WARN_BOOL_CONVERSION = YES;
				CLANG_WARN_CONSTANT_CONVERSION = YES;
				CLANG_WARN_DIRECT_OBJC_ISA_USAGE = YES_ERROR;
				CLANG_WARN_EMPTY_BODY = YES;
				CLANG_WARN_ENUM_CONVERSION = YES;
				CLANG_WARN_INT_CONVERSION = YES;
				CLANG_WARN_OBJC_ROOT_CLASS = YES_ERROR;
				CLANG_WARN_UNREACHABLE_CODE = YES;
				CLANG_WARN__DUPLICATE_METHOD_MATCH = YES;
				"CODE_SIGN_IDENTITY[sdk=iphoneos*]" = "iPhone Developer";
				COPY_PHASE_STRIP = NO;
				ENABLE_STRICT_OBJC_MSGSEND = YES;
				GCC_C_LANGUAGE_STANDARD = gnu99;
				GCC_DYNAMIC_NO_PIC = NO;
				GCC_OPTIMIZATION_LEVEL = 0;
				GCC_PREPROCESSOR_DEFINITIONS = (
					"DEBUG=1",
					"$(inherited)",
				);
				GCC_SYMBOLS_PRIVATE_EXTERN = NO;
				GCC_WARN_64_TO_32_BIT_CONVERSION = YES;
				GCC_WARN_ABOUT_RETURN_TYPE = YES_ERROR;
				GCC_WARN_UNDECLARED_SELECTOR = YES;
				GCC_WARN_UNINITIALIZED_AUTOS = YES_AGGRESSIVE;
				GCC_WARN_UNUSED_FUNCTION = YES;
				GCC_WARN_UNUSED_VARIABLE = YES;
				IPHONEOS_DEPLOYMENT_TARGET = 8.0;
				MTL_ENABLE_DEBUG_INFO = YES;
				ONLY_ACTIVE_ARCH = YES;
				SDKROOT = iphoneos;
				SWIFT_OPTIMIZATION_LEVEL = "-Onone";
			};
			name = Debug;
		};
		D993276C19ACBDA40050E352 /* Release */ = {
			isa = XCBuildConfiguration;
			buildSettings = {
				ALWAYS_SEARCH_USER_PATHS = NO;
				CLANG_CXX_LANGUAGE_STANDARD = "gnu++0x";
				CLANG_CXX_LIBRARY = "libc++";
				CLANG_ENABLE_MODULES = YES;
				CLANG_ENABLE_OBJC_ARC = YES;
				CLANG_WARN_BOOL_CONVERSION = YES;
				CLANG_WARN_CONSTANT_CONVERSION = YES;
				CLANG_WARN_DIRECT_OBJC_ISA_USAGE = YES_ERROR;
				CLANG_WARN_EMPTY_BODY = YES;
				CLANG_WARN_ENUM_CONVERSION = YES;
				CLANG_WARN_INT_CONVERSION = YES;
				CLANG_WARN_OBJC_ROOT_CLASS = YES_ERROR;
				CLANG_WARN_UNREACHABLE_CODE = YES;
				CLANG_WARN__DUPLICATE_METHOD_MATCH = YES;
				"CODE_SIGN_IDENTITY[sdk=iphoneos*]" = "iPhone Developer";
				COPY_PHASE_STRIP = YES;
				ENABLE_NS_ASSERTIONS = NO;
				ENABLE_STRICT_OBJC_MSGSEND = YES;
				GCC_C_LANGUAGE_STANDARD = gnu99;
				GCC_WARN_64_TO_32_BIT_CONVERSION = YES;
				GCC_WARN_ABOUT_RETURN_TYPE = YES_ERROR;
				GCC_WARN_UNDECLARED_SELECTOR = YES;
				GCC_WARN_UNINITIALIZED_AUTOS = YES_AGGRESSIVE;
				GCC_WARN_UNUSED_FUNCTION = YES;
				GCC_WARN_UNUSED_VARIABLE = YES;
				IPHONEOS_DEPLOYMENT_TARGET = 8.0;
				MTL_ENABLE_DEBUG_INFO = NO;
				SDKROOT = iphoneos;
				VALIDATE_PRODUCT = YES;
			};
			name = Release;
		};
		D993276E19ACBDA40050E352 /* Debug */ = {
			isa = XCBuildConfiguration;
			buildSettings = {
				ASSETCATALOG_COMPILER_APPICON_NAME = AppIcon;
				ASSETCATALOG_COMPILER_LAUNCHIMAGE_NAME = LaunchImage;
				INFOPLIST_FILE = Buddies/Info.plist;
				LD_RUNPATH_SEARCH_PATHS = "$(inherited) @executable_path/Frameworks";
				PRODUCT_NAME = "$(TARGET_NAME)";
			};
			name = Debug;
		};
		D993276F19ACBDA40050E352 /* Release */ = {
			isa = XCBuildConfiguration;
			buildSettings = {
				ASSETCATALOG_COMPILER_APPICON_NAME = AppIcon;
				ASSETCATALOG_COMPILER_LAUNCHIMAGE_NAME = LaunchImage;
				INFOPLIST_FILE = Buddies/Info.plist;
				LD_RUNPATH_SEARCH_PATHS = "$(inherited) @executable_path/Frameworks";
				PRODUCT_NAME = "$(TARGET_NAME)";
			};
			name = Release;
		};
		D993277119ACBDA40050E352 /* Debug */ = {
			isa = XCBuildConfiguration;
			buildSettings = {
				BUNDLE_LOADER = "$(TEST_HOST)";
				FRAMEWORK_SEARCH_PATHS = (
					"$(SDKROOT)/Developer/Library/Frameworks",
					"$(inherited)",
				);
				GCC_PREPROCESSOR_DEFINITIONS = (
					"DEBUG=1",
					"$(inherited)",
				);
				INFOPLIST_FILE = BuddiesTests/Info.plist;
				LD_RUNPATH_SEARCH_PATHS = "$(inherited) @executable_path/Frameworks @loader_path/Frameworks";
				PRODUCT_NAME = "$(TARGET_NAME)";
				TEST_HOST = "$(BUILT_PRODUCTS_DIR)/Buddies.app/Buddies";
			};
			name = Debug;
		};
		D993277219ACBDA40050E352 /* Release */ = {
			isa = XCBuildConfiguration;
			buildSettings = {
				BUNDLE_LOADER = "$(TEST_HOST)";
				FRAMEWORK_SEARCH_PATHS = (
					"$(SDKROOT)/Developer/Library/Frameworks",
					"$(inherited)",
				);
				INFOPLIST_FILE = BuddiesTests/Info.plist;
				LD_RUNPATH_SEARCH_PATHS = "$(inherited) @executable_path/Frameworks @loader_path/Frameworks";
				PRODUCT_NAME = "$(TARGET_NAME)";
				TEST_HOST = "$(BUILT_PRODUCTS_DIR)/Buddies.app/Buddies";
			};
			name = Release;
		};
/* End XCBuildConfiguration section */

/* Begin XCConfigurationList section */
		D993274A19ACBDA40050E352 /* Build configuration list for PBXProject "Buddies" */ = {
			isa = XCConfigurationList;
			buildConfigurations = (
				D993276B19ACBDA40050E352 /* Debug */,
				D993276C19ACBDA40050E352 /* Release */,
			);
			defaultConfigurationIsVisible = 0;
			defaultConfigurationName = Release;
		};
		D993276D19ACBDA40050E352 /* Build configuration list for PBXNativeTarget "Buddies" */ = {
			isa = XCConfigurationList;
			buildConfigurations = (
				D993276E19ACBDA40050E352 /* Debug */,
				D993276F19ACBDA40050E352 /* Release */,
			);
			defaultConfigurationIsVisible = 0;
			defaultConfigurationName = Release;
		};
		D993277019ACBDA40050E352 /* Build configuration list for PBXNativeTarget "BuddiesTests" */ = {
			isa = XCConfigurationList;
			buildConfigurations = (
				D993277119ACBDA40050E352 /* Debug */,
				D993277219ACBDA40050E352 /* Release */,
			);
			defaultConfigurationIsVisible = 0;
			defaultConfigurationName = Release;
		};
/* End XCConfigurationList section */
	};
	rootObject = D993274719ACBDA40050E352 /* Project object */;
}
