// !$*UTF8*$!
{
	archiveVersion = 1;
	classes = {
	};
	objectVersion = 46;
	objects = {

/* Begin PBXBuildFile section */
		48F187CD1A2CB56F00E07356 /* AppDelegate.swift in Sources */ = {isa = PBXBuildFile; fileRef = 48F187CC1A2CB56F00E07356 /* AppDelegate.swift */; };
		48F187CF1A2CB56F00E07356 /* ViewController.swift in Sources */ = {isa = PBXBuildFile; fileRef = 48F187CE1A2CB56F00E07356 /* ViewController.swift */; };
		48F187D21A2CB56F00E07356 /* Main.storyboard in Resources */ = {isa = PBXBuildFile; fileRef = 48F187D01A2CB56F00E07356 /* Main.storyboard */; };
		48F187D41A2CB56F00E07356 /* Images.xcassets in Resources */ = {isa = PBXBuildFile; fileRef = 48F187D31A2CB56F00E07356 /* Images.xcassets */; };
		49C53F83C99BDE8ED8BE6D44 /* Pods_SharedShoot.framework in Frameworks */ = {isa = PBXBuildFile; fileRef = 0E39F4C3522F28F484FDF192 /* Pods_SharedShoot.framework */; };
		6FC68EE41A3F1E7700DDB020 /* Default-568h@2x.png in Resources */ = {isa = PBXBuildFile; fileRef = 6FC68EE31A3F1E7700DDB020 /* Default-568h@2x.png */; };
/* End PBXBuildFile section */

/* Begin PBXContainerItemProxy section */
		48F187DD1A2CB56F00E07356 /* PBXContainerItemProxy */ = {
			isa = PBXContainerItemProxy;
			containerPortal = 48F187BF1A2CB56F00E07356 /* Project object */;
			proxyType = 1;
			remoteGlobalIDString = 48F187C61A2CB56F00E07356;
			remoteInfo = SharedShoot;
		};
/* End PBXContainerItemProxy section */

/* Begin PBXFileReference section */
		06F34EFB2DDE0AAA6086D3CD /* Pods-SharedShoot.debug.xcconfig */ = {isa = PBXFileReference; includeInIndex = 1; lastKnownFileType = text.xcconfig; name = "Pods-SharedShoot.debug.xcconfig"; path = "Pods/Target Support Files/Pods-SharedShoot/Pods-SharedShoot.debug.xcconfig"; sourceTree = "<group>"; };
		0E39F4C3522F28F484FDF192 /* Pods_SharedShoot.framework */ = {isa = PBXFileReference; explicitFileType = wrapper.framework; includeInIndex = 0; path = Pods_SharedShoot.framework; sourceTree = BUILT_PRODUCTS_DIR; };
		48F187C71A2CB56F00E07356 /* SharedShoot.app */ = {isa = PBXFileReference; explicitFileType = wrapper.application; includeInIndex = 0; path = SharedShoot.app; sourceTree = BUILT_PRODUCTS_DIR; };
		48F187CB1A2CB56F00E07356 /* Info.plist */ = {isa = PBXFileReference; lastKnownFileType = text.plist.xml; path = Info.plist; sourceTree = "<group>"; };
		48F187CC1A2CB56F00E07356 /* AppDelegate.swift */ = {isa = PBXFileReference; lastKnownFileType = sourcecode.swift; path = AppDelegate.swift; sourceTree = "<group>"; };
		48F187CE1A2CB56F00E07356 /* ViewController.swift */ = {isa = PBXFileReference; lastKnownFileType = sourcecode.swift; path = ViewController.swift; sourceTree = "<group>"; };
		48F187D11A2CB56F00E07356 /* Base */ = {isa = PBXFileReference; lastKnownFileType = file.storyboard; name = Base; path = Base.lproj/Main.storyboard; sourceTree = "<group>"; };
		48F187D31A2CB56F00E07356 /* Images.xcassets */ = {isa = PBXFileReference; lastKnownFileType = folder.assetcatalog; path = Images.xcassets; sourceTree = "<group>"; };
		48F187DC1A2CB56F00E07356 /* SharedShootTests.xctest */ = {isa = PBXFileReference; explicitFileType = wrapper.cfbundle; includeInIndex = 0; path = SharedShootTests.xctest; sourceTree = BUILT_PRODUCTS_DIR; };
		48F187E11A2CB56F00E07356 /* Info.plist */ = {isa = PBXFileReference; lastKnownFileType = text.plist.xml; path = Info.plist; sourceTree = "<group>"; };
		57FB0A44522CF07B94D6D38E /* Pods.debug.xcconfig */ = {isa = PBXFileReference; includeInIndex = 1; lastKnownFileType = text.xcconfig; name = Pods.debug.xcconfig; path = "Pods/Target Support Files/Pods/Pods.debug.xcconfig"; sourceTree = "<group>"; };
		6FC68EE31A3F1E7700DDB020 /* Default-568h@2x.png */ = {isa = PBXFileReference; lastKnownFileType = image.png; name = "Default-568h@2x.png"; path = "../Default-568h@2x.png"; sourceTree = "<group>"; };
		809EC0E36A836448AFFB64D1 /* Pods.framework */ = {isa = PBXFileReference; explicitFileType = wrapper.framework; includeInIndex = 0; path = Pods.framework; sourceTree = BUILT_PRODUCTS_DIR; };
		A6A829F0950211701F429387 /* Pods-SharedShoot.release.xcconfig */ = {isa = PBXFileReference; includeInIndex = 1; lastKnownFileType = text.xcconfig; name = "Pods-SharedShoot.release.xcconfig"; path = "Pods/Target Support Files/Pods-SharedShoot/Pods-SharedShoot.release.xcconfig"; sourceTree = "<group>"; };
		D4EC9FBFB74F92F973E2BCF1 /* Pods.release.xcconfig */ = {isa = PBXFileReference; includeInIndex = 1; lastKnownFileType = text.xcconfig; name = Pods.release.xcconfig; path = "Pods/Target Support Files/Pods/Pods.release.xcconfig"; sourceTree = "<group>"; };
/* End PBXFileReference section */

/* Begin PBXFrameworksBuildPhase section */
		48F187C41A2CB56F00E07356 /* Frameworks */ = {
			isa = PBXFrameworksBuildPhase;
			buildActionMask = 2147483647;
			files = (
				49C53F83C99BDE8ED8BE6D44 /* Pods_SharedShoot.framework in Frameworks */,
			);
			runOnlyForDeploymentPostprocessing = 0;
		};
		48F187D91A2CB56F00E07356 /* Frameworks */ = {
			isa = PBXFrameworksBuildPhase;
			buildActionMask = 2147483647;
			files = (
			);
			runOnlyForDeploymentPostprocessing = 0;
		};
/* End PBXFrameworksBuildPhase section */

/* Begin PBXGroup section */
		0A0DA554DC1C71023D5279B0 /* Frameworks */ = {
			isa = PBXGroup;
			children = (
				809EC0E36A836448AFFB64D1 /* Pods.framework */,
				0E39F4C3522F28F484FDF192 /* Pods_SharedShoot.framework */,
			);
			name = Frameworks;
			sourceTree = "<group>";
		};
		48F187BE1A2CB56F00E07356 = {
			isa = PBXGroup;
			children = (
				48F187C91A2CB56F00E07356 /* SharedShoot */,
				48F187DF1A2CB56F00E07356 /* SharedShootTests */,
				48F187C81A2CB56F00E07356 /* Products */,
				6FE3DD4BEC59EB60441CB0DB /* Pods */,
				0A0DA554DC1C71023D5279B0 /* Frameworks */,
			);
			sourceTree = "<group>";
		};
		48F187C81A2CB56F00E07356 /* Products */ = {
			isa = PBXGroup;
			children = (
				48F187C71A2CB56F00E07356 /* SharedShoot.app */,
				48F187DC1A2CB56F00E07356 /* SharedShootTests.xctest */,
			);
			name = Products;
			sourceTree = "<group>";
		};
		48F187C91A2CB56F00E07356 /* SharedShoot */ = {
			isa = PBXGroup;
			children = (
				48F187CC1A2CB56F00E07356 /* AppDelegate.swift */,
				48F187CE1A2CB56F00E07356 /* ViewController.swift */,
				48F187D01A2CB56F00E07356 /* Main.storyboard */,
				48F187D31A2CB56F00E07356 /* Images.xcassets */,
				48F187CA1A2CB56F00E07356 /* Supporting Files */,
			);
			path = SharedShoot;
			sourceTree = "<group>";
		};
		48F187CA1A2CB56F00E07356 /* Supporting Files */ = {
			isa = PBXGroup;
			children = (
				48F187CB1A2CB56F00E07356 /* Info.plist */,
			);
			name = "Supporting Files";
			sourceTree = "<group>";
		};
		48F187DF1A2CB56F00E07356 /* SharedShootTests */ = {
			isa = PBXGroup;
			children = (
				48F187E01A2CB56F00E07356 /* Supporting Files */,
			);
			path = SharedShootTests;
			sourceTree = "<group>";
		};
		48F187E01A2CB56F00E07356 /* Supporting Files */ = {
			isa = PBXGroup;
			children = (
				6FC68EE31A3F1E7700DDB020 /* Default-568h@2x.png */,
				48F187E11A2CB56F00E07356 /* Info.plist */,
			);
			name = "Supporting Files";
			sourceTree = "<group>";
		};
		6FE3DD4BEC59EB60441CB0DB /* Pods */ = {
			isa = PBXGroup;
			children = (
				57FB0A44522CF07B94D6D38E /* Pods.debug.xcconfig */,
				D4EC9FBFB74F92F973E2BCF1 /* Pods.release.xcconfig */,
				06F34EFB2DDE0AAA6086D3CD /* Pods-SharedShoot.debug.xcconfig */,
				A6A829F0950211701F429387 /* Pods-SharedShoot.release.xcconfig */,
			);
			name = Pods;
			sourceTree = "<group>";
		};
/* End PBXGroup section */

/* Begin PBXNativeTarget section */
		48F187C61A2CB56F00E07356 /* SharedShoot */ = {
			isa = PBXNativeTarget;
			buildConfigurationList = 48F187E61A2CB56F00E07356 /* Build configuration list for PBXNativeTarget "SharedShoot" */;
			buildPhases = (
				02F47ED22043310B3D2E2F8E /* [CP] Check Pods Manifest.lock */,
				48F187C31A2CB56F00E07356 /* Sources */,
				48F187C41A2CB56F00E07356 /* Frameworks */,
				48F187C51A2CB56F00E07356 /* Resources */,
				8B5CF36DC80E5CAA544F9CA0 /* [CP] Embed Pods Frameworks */,
				7A45C8C79EB4C080F33A6FCA /* [CP] Copy Pods Resources */,
			);
			buildRules = (
			);
			dependencies = (
			);
			name = SharedShoot;
			productName = SharedShoot;
			productReference = 48F187C71A2CB56F00E07356 /* SharedShoot.app */;
			productType = "com.apple.product-type.application";
		};
		48F187DB1A2CB56F00E07356 /* SharedShootTests */ = {
			isa = PBXNativeTarget;
			buildConfigurationList = 48F187E91A2CB56F00E07356 /* Build configuration list for PBXNativeTarget "SharedShootTests" */;
			buildPhases = (
				48F187D81A2CB56F00E07356 /* Sources */,
				48F187D91A2CB56F00E07356 /* Frameworks */,
				48F187DA1A2CB56F00E07356 /* Resources */,
			);
			buildRules = (
			);
			dependencies = (
				48F187DE1A2CB56F00E07356 /* PBXTargetDependency */,
			);
			name = SharedShootTests;
			productName = SharedShootTests;
			productReference = 48F187DC1A2CB56F00E07356 /* SharedShootTests.xctest */;
			productType = "com.apple.product-type.bundle.unit-test";
		};
/* End PBXNativeTarget section */

/* Begin PBXProject section */
		48F187BF1A2CB56F00E07356 /* Project object */ = {
			isa = PBXProject;
			attributes = {
				LastSwiftMigration = 0700;
				LastSwiftUpdateCheck = 0700;
				LastUpgradeCheck = 0810;
				ORGANIZATIONNAME = aerogear;
				TargetAttributes = {
					48F187C61A2CB56F00E07356 = {
						CreatedOnToolsVersion = 6.2;
						LastSwiftMigration = 0810;
					};
					48F187DB1A2CB56F00E07356 = {
						CreatedOnToolsVersion = 6.2;
						TestTargetID = 48F187C61A2CB56F00E07356;
					};
				};
			};
			buildConfigurationList = 48F187C21A2CB56F00E07356 /* Build configuration list for PBXProject "SharedShoot" */;
			compatibilityVersion = "Xcode 3.2";
			developmentRegion = English;
			hasScannedForEncodings = 0;
			knownRegions = (
				en,
				Base,
			);
			mainGroup = 48F187BE1A2CB56F00E07356;
			productRefGroup = 48F187C81A2CB56F00E07356 /* Products */;
			projectDirPath = "";
			projectRoot = "";
			targets = (
				48F187C61A2CB56F00E07356 /* SharedShoot */,
				48F187DB1A2CB56F00E07356 /* SharedShootTests */,
			);
		};
/* End PBXProject section */

/* Begin PBXResourcesBuildPhase section */
		48F187C51A2CB56F00E07356 /* Resources */ = {
			isa = PBXResourcesBuildPhase;
			buildActionMask = 2147483647;
			files = (
				48F187D21A2CB56F00E07356 /* Main.storyboard in Resources */,
				48F187D41A2CB56F00E07356 /* Images.xcassets in Resources */,
				6FC68EE41A3F1E7700DDB020 /* Default-568h@2x.png in Resources */,
			);
			runOnlyForDeploymentPostprocessing = 0;
		};
		48F187DA1A2CB56F00E07356 /* Resources */ = {
			isa = PBXResourcesBuildPhase;
			buildActionMask = 2147483647;
			files = (
			);
			runOnlyForDeploymentPostprocessing = 0;
		};
/* End PBXResourcesBuildPhase section */

/* Begin PBXShellScriptBuildPhase section */
		02F47ED22043310B3D2E2F8E /* [CP] Check Pods Manifest.lock */ = {
			isa = PBXShellScriptBuildPhase;
			buildActionMask = 2147483647;
			files = (
			);
			inputPaths = (
			);
			name = "[CP] Check Pods Manifest.lock";
			outputPaths = (
			);
			runOnlyForDeploymentPostprocessing = 0;
			shellPath = /bin/sh;
			shellScript = "diff \"${PODS_ROOT}/../Podfile.lock\" \"${PODS_ROOT}/Manifest.lock\" > /dev/null\nif [ $? != 0 ] ; then\n    # print error to STDERR\n    echo \"error: The sandbox is not in sync with the Podfile.lock. Run 'pod install' or update your CocoaPods installation.\" >&2\n    exit 1\nfi\n";
			showEnvVarsInLog = 0;
		};
		7A45C8C79EB4C080F33A6FCA /* [CP] Copy Pods Resources */ = {
			isa = PBXShellScriptBuildPhase;
			buildActionMask = 2147483647;
			files = (
			);
			inputPaths = (
			);
			name = "[CP] Copy Pods Resources";
			outputPaths = (
			);
			runOnlyForDeploymentPostprocessing = 0;
			shellPath = /bin/sh;
			shellScript = "\"${SRCROOT}/Pods/Target Support Files/Pods-SharedShoot/Pods-SharedShoot-resources.sh\"\n";
			showEnvVarsInLog = 0;
		};
		8B5CF36DC80E5CAA544F9CA0 /* [CP] Embed Pods Frameworks */ = {
			isa = PBXShellScriptBuildPhase;
			buildActionMask = 2147483647;
			files = (
			);
			inputPaths = (
			);
			name = "[CP] Embed Pods Frameworks";
			outputPaths = (
			);
			runOnlyForDeploymentPostprocessing = 0;
			shellPath = /bin/sh;
			shellScript = "\"${SRCROOT}/Pods/Target Support Files/Pods-SharedShoot/Pods-SharedShoot-frameworks.sh\"\n";
			showEnvVarsInLog = 0;
		};
/* End PBXShellScriptBuildPhase section */

/* Begin PBXSourcesBuildPhase section */
		48F187C31A2CB56F00E07356 /* Sources */ = {
			isa = PBXSourcesBuildPhase;
			buildActionMask = 2147483647;
			files = (
				48F187CF1A2CB56F00E07356 /* ViewController.swift in Sources */,
				48F187CD1A2CB56F00E07356 /* AppDelegate.swift in Sources */,
			);
			runOnlyForDeploymentPostprocessing = 0;
		};
		48F187D81A2CB56F00E07356 /* Sources */ = {
			isa = PBXSourcesBuildPhase;
			buildActionMask = 2147483647;
			files = (
			);
			runOnlyForDeploymentPostprocessing = 0;
		};
/* End PBXSourcesBuildPhase section */

/* Begin PBXTargetDependency section */
		48F187DE1A2CB56F00E07356 /* PBXTargetDependency */ = {
			isa = PBXTargetDependency;
			target = 48F187C61A2CB56F00E07356 /* SharedShoot */;
			targetProxy = 48F187DD1A2CB56F00E07356 /* PBXContainerItemProxy */;
		};
/* End PBXTargetDependency section */

/* Begin PBXVariantGroup section */
		48F187D01A2CB56F00E07356 /* Main.storyboard */ = {
			isa = PBXVariantGroup;
			children = (
				48F187D11A2CB56F00E07356 /* Base */,
			);
			name = Main.storyboard;
			sourceTree = "<group>";
		};
/* End PBXVariantGroup section */

/* Begin XCBuildConfiguration section */
		48F187E41A2CB56F00E07356 /* Debug */ = {
			isa = XCBuildConfiguration;
			buildSettings = {
				ALWAYS_SEARCH_USER_PATHS = NO;
				CLANG_CXX_LANGUAGE_STANDARD = "gnu++0x";
				CLANG_CXX_LIBRARY = "libc++";
				CLANG_ENABLE_MODULES = YES;
				CLANG_ENABLE_OBJC_ARC = YES;
				CLANG_WARN_BOOL_CONVERSION = YES;
				CLANG_WARN_CONSTANT_CONVERSION = YES;
				CLANG_WARN_DIRECT_OBJC_ISA_USAGE = YES_ERROR;
				CLANG_WARN_EMPTY_BODY = YES;
				CLANG_WARN_ENUM_CONVERSION = YES;
				CLANG_WARN_INFINITE_RECURSION = YES;
				CLANG_WARN_INT_CONVERSION = YES;
				CLANG_WARN_OBJC_ROOT_CLASS = YES_ERROR;
				CLANG_WARN_SUSPICIOUS_MOVE = YES;
				CLANG_WARN_UNREACHABLE_CODE = YES;
				CLANG_WARN__DUPLICATE_METHOD_MATCH = YES;
				"CODE_SIGN_IDENTITY[sdk=iphoneos*]" = "iPhone Developer";
				COPY_PHASE_STRIP = NO;
				ENABLE_STRICT_OBJC_MSGSEND = YES;
				ENABLE_TESTABILITY = YES;
				GCC_C_LANGUAGE_STANDARD = gnu99;
				GCC_DYNAMIC_NO_PIC = NO;
				GCC_NO_COMMON_BLOCKS = YES;
				GCC_OPTIMIZATION_LEVEL = 0;
				GCC_PREPROCESSOR_DEFINITIONS = (
					"DEBUG=1",
					"$(inherited)",
				);
				GCC_SYMBOLS_PRIVATE_EXTERN = NO;
				GCC_WARN_64_TO_32_BIT_CONVERSION = YES;
				GCC_WARN_ABOUT_RETURN_TYPE = YES_ERROR;
				GCC_WARN_UNDECLARED_SELECTOR = YES;
				GCC_WARN_UNINITIALIZED_AUTOS = YES_AGGRESSIVE;
				GCC_WARN_UNUSED_FUNCTION = YES;
				GCC_WARN_UNUSED_VARIABLE = YES;
				IPHONEOS_DEPLOYMENT_TARGET = 8.0;
				MTL_ENABLE_DEBUG_INFO = YES;
				ONLY_ACTIVE_ARCH = YES;
				SDKROOT = iphoneos;
				SWIFT_OPTIMIZATION_LEVEL = "-Onone";
				SWIFT_VERSION = 3.0.1;
				TARGETED_DEVICE_FAMILY = "1,2";
			};
			name = Debug;
		};
		48F187E51A2CB56F00E07356 /* Release */ = {
			isa = XCBuildConfiguration;
			buildSettings = {
				ALWAYS_SEARCH_USER_PATHS = NO;
				CLANG_CXX_LANGUAGE_STANDARD = "gnu++0x";
				CLANG_CXX_LIBRARY = "libc++";
				CLANG_ENABLE_MODULES = YES;
				CLANG_ENABLE_OBJC_ARC = YES;
				CLANG_WARN_BOOL_CONVERSION = YES;
				CLANG_WARN_CONSTANT_CONVERSION = YES;
				CLANG_WARN_DIRECT_OBJC_ISA_USAGE = YES_ERROR;
				CLANG_WARN_EMPTY_BODY = YES;
				CLANG_WARN_ENUM_CONVERSION = YES;
				CLANG_WARN_INFINITE_RECURSION = YES;
				CLANG_WARN_INT_CONVERSION = YES;
				CLANG_WARN_OBJC_ROOT_CLASS = YES_ERROR;
				CLANG_WARN_SUSPICIOUS_MOVE = YES;
				CLANG_WARN_UNREACHABLE_CODE = YES;
				CLANG_WARN__DUPLICATE_METHOD_MATCH = YES;
				"CODE_SIGN_IDENTITY[sdk=iphoneos*]" = "iPhone Developer";
				COPY_PHASE_STRIP = YES;
				ENABLE_NS_ASSERTIONS = NO;
				ENABLE_STRICT_OBJC_MSGSEND = YES;
				GCC_C_LANGUAGE_STANDARD = gnu99;
				GCC_NO_COMMON_BLOCKS = YES;
				GCC_WARN_64_TO_32_BIT_CONVERSION = YES;
				GCC_WARN_ABOUT_RETURN_TYPE = YES_ERROR;
				GCC_WARN_UNDECLARED_SELECTOR = YES;
				GCC_WARN_UNINITIALIZED_AUTOS = YES_AGGRESSIVE;
				GCC_WARN_UNUSED_FUNCTION = YES;
				GCC_WARN_UNUSED_VARIABLE = YES;
				IPHONEOS_DEPLOYMENT_TARGET = 8.0;
				MTL_ENABLE_DEBUG_INFO = NO;
				SDKROOT = iphoneos;
				SWIFT_OPTIMIZATION_LEVEL = "-Owholemodule";
				SWIFT_VERSION = 3.0.1;
				TARGETED_DEVICE_FAMILY = "1,2";
				VALIDATE_PRODUCT = YES;
			};
			name = Release;
		};
		48F187E71A2CB56F00E07356 /* Debug */ = {
			isa = XCBuildConfiguration;
			baseConfigurationReference = 06F34EFB2DDE0AAA6086D3CD /* Pods-SharedShoot.debug.xcconfig */;
			buildSettings = {
				ALWAYS_EMBED_SWIFT_STANDARD_LIBRARIES = "$(inherited)";
				ASSETCATALOG_COMPILER_APPICON_NAME = AppIcon;
				INFOPLIST_FILE = SharedShoot/Info.plist;
				IPHONEOS_DEPLOYMENT_TARGET = 8.0;
				LD_RUNPATH_SEARCH_PATHS = "$(inherited) @executable_path/Frameworks";
				PRODUCT_BUNDLE_IDENTIFIER = "org.aerogear.$(PRODUCT_NAME:rfc1034identifier)";
				PRODUCT_NAME = "$(TARGET_NAME)";
				SWIFT_VERSION = 3.0.1;
			};
			name = Debug;
		};
		48F187E81A2CB56F00E07356 /* Release */ = {
			isa = XCBuildConfiguration;
			baseConfigurationReference = A6A829F0950211701F429387 /* Pods-SharedShoot.release.xcconfig */;
			buildSettings = {
				ALWAYS_EMBED_SWIFT_STANDARD_LIBRARIES = "$(inherited)";
				ASSETCATALOG_COMPILER_APPICON_NAME = AppIcon;
				INFOPLIST_FILE = SharedShoot/Info.plist;
				IPHONEOS_DEPLOYMENT_TARGET = 8.0;
				LD_RUNPATH_SEARCH_PATHS = "$(inherited) @executable_path/Frameworks";
				PRODUCT_BUNDLE_IDENTIFIER = "org.aerogear.$(PRODUCT_NAME:rfc1034identifier)";
				PRODUCT_NAME = "$(TARGET_NAME)";
				SWIFT_VERSION = 3.0.1;
			};
			name = Release;
		};
		48F187EA1A2CB56F00E07356 /* Debug */ = {
			isa = XCBuildConfiguration;
			buildSettings = {
				BUNDLE_LOADER = "$(TEST_HOST)";
				FRAMEWORK_SEARCH_PATHS = (
					"$(SDKROOT)/Developer/Library/Frameworks",
					"$(inherited)",
				);
				GCC_PREPROCESSOR_DEFINITIONS = (
					"DEBUG=1",
					"$(inherited)",
				);
				INFOPLIST_FILE = SharedShootTests/Info.plist;
				LD_RUNPATH_SEARCH_PATHS = "$(inherited) @executable_path/Frameworks @loader_path/Frameworks";
				PRODUCT_BUNDLE_IDENTIFIER = "org.aerogear.$(PRODUCT_NAME:rfc1034identifier)";
				PRODUCT_NAME = "$(TARGET_NAME)";
				TEST_HOST = "$(BUILT_PRODUCTS_DIR)/SharedShoot.app/SharedShoot";
			};
			name = Debug;
		};
		48F187EB1A2CB56F00E07356 /* Release */ = {
			isa = XCBuildConfiguration;
			buildSettings = {
				BUNDLE_LOADER = "$(TEST_HOST)";
				FRAMEWORK_SEARCH_PATHS = (
					"$(SDKROOT)/Developer/Library/Frameworks",
					"$(inherited)",
				);
				INFOPLIST_FILE = SharedShootTests/Info.plist;
				LD_RUNPATH_SEARCH_PATHS = "$(inherited) @executable_path/Frameworks @loader_path/Frameworks";
				PRODUCT_BUNDLE_IDENTIFIER = "org.aerogear.$(PRODUCT_NAME:rfc1034identifier)";
				PRODUCT_NAME = "$(TARGET_NAME)";
				TEST_HOST = "$(BUILT_PRODUCTS_DIR)/SharedShoot.app/SharedShoot";
			};
			name = Release;
		};
/* End XCBuildConfiguration section */

/* Begin XCConfigurationList section */
		48F187C21A2CB56F00E07356 /* Build configuration list for PBXProject "SharedShoot" */ = {
			isa = XCConfigurationList;
			buildConfigurations = (
				48F187E41A2CB56F00E07356 /* Debug */,
				48F187E51A2CB56F00E07356 /* Release */,
			);
			defaultConfigurationIsVisible = 0;
			defaultConfigurationName = Release;
		};
		48F187E61A2CB56F00E07356 /* Build configuration list for PBXNativeTarget "SharedShoot" */ = {
			isa = XCConfigurationList;
			buildConfigurations = (
				48F187E71A2CB56F00E07356 /* Debug */,
				48F187E81A2CB56F00E07356 /* Release */,
			);
			defaultConfigurationIsVisible = 0;
			defaultConfigurationName = Release;
		};
		48F187E91A2CB56F00E07356 /* Build configuration list for PBXNativeTarget "SharedShootTests" */ = {
			isa = XCConfigurationList;
			buildConfigurations = (
				48F187EA1A2CB56F00E07356 /* Debug */,
				48F187EB1A2CB56F00E07356 /* Release */,
			);
			defaultConfigurationIsVisible = 0;
			defaultConfigurationName = Release;
		};
/* End XCConfigurationList section */
	};
	rootObject = 48F187BF1A2CB56F00E07356 /* Project object */;
}
